// !$*UTF8*$!
{
	archiveVersion = 1;
	classes = {
	};
	objectVersion = 56;
	objects = {

/* Begin PBXBuildFile section */
		A0D71D032B1A085E0095256E /* AppDelegate.swift in Sources */ = {isa = PBXBuildFile; fileRef = A0D71D022B1A085E0095256E /* AppDelegate.swift */; };
		A0D71D052B1A085E0095256E /* SceneDelegate.swift in Sources */ = {isa = PBXBuildFile; fileRef = A0D71D042B1A085E0095256E /* SceneDelegate.swift */; };
		A0D71D072B1A085E0095256E /* ViewController.swift in Sources */ = {isa = PBXBuildFile; fileRef = A0D71D062B1A085E0095256E /* ViewController.swift */; };
		A0D71D0A2B1A085E0095256E /* Main.storyboard in Resources */ = {isa = PBXBuildFile; fileRef = A0D71D082B1A085E0095256E /* Main.storyboard */; };
		A0D71D0D2B1A085E0095256E /* today_news.xcdatamodeld in Sources */ = {isa = PBXBuildFile; fileRef = A0D71D0B2B1A085E0095256E /* today_news.xcdatamodeld */; };
		A0D71D0F2B1A085F0095256E /* Assets.xcassets in Resources */ = {isa = PBXBuildFile; fileRef = A0D71D0E2B1A085F0095256E /* Assets.xcassets */; };
		A0D71D122B1A085F0095256E /* LaunchScreen.storyboard in Resources */ = {isa = PBXBuildFile; fileRef = A0D71D102B1A085F0095256E /* LaunchScreen.storyboard */; };
		A0D71D1D2B1A085F0095256E /* today_newsTests.swift in Sources */ = {isa = PBXBuildFile; fileRef = A0D71D1C2B1A085F0095256E /* today_newsTests.swift */; };
		A0D71D272B1A085F0095256E /* today_newsUITests.swift in Sources */ = {isa = PBXBuildFile; fileRef = A0D71D262B1A085F0095256E /* today_newsUITests.swift */; };
		A0D71D292B1A085F0095256E /* today_newsUITestsLaunchTests.swift in Sources */ = {isa = PBXBuildFile; fileRef = A0D71D282B1A085F0095256E /* today_newsUITestsLaunchTests.swift */; };
/* End PBXBuildFile section */

/* Begin PBXContainerItemProxy section */
		A0D71D192B1A085F0095256E /* PBXContainerItemProxy */ = {
			isa = PBXContainerItemProxy;
			containerPortal = A0D71CF72B1A085E0095256E /* Project object */;
			proxyType = 1;
			remoteGlobalIDString = A0D71CFE2B1A085E0095256E;
			remoteInfo = today_news;
		};
		A0D71D232B1A085F0095256E /* PBXContainerItemProxy */ = {
			isa = PBXContainerItemProxy;
			containerPortal = A0D71CF72B1A085E0095256E /* Project object */;
			proxyType = 1;
			remoteGlobalIDString = A0D71CFE2B1A085E0095256E;
			remoteInfo = today_news;
		};
/* End PBXContainerItemProxy section */

/* Begin PBXFileReference section */
		A0D71CFF2B1A085E0095256E /* today_news.app */ = {isa = PBXFileReference; explicitFileType = wrapper.application; includeInIndex = 0; path = today_news.app; sourceTree = BUILT_PRODUCTS_DIR; };
		A0D71D022B1A085E0095256E /* AppDelegate.swift */ = {isa = PBXFileReference; lastKnownFileType = sourcecode.swift; path = AppDelegate.swift; sourceTree = "<group>"; };
		A0D71D042B1A085E0095256E /* SceneDelegate.swift */ = {isa = PBXFileReference; lastKnownFileType = sourcecode.swift; path = SceneDelegate.swift; sourceTree = "<group>"; };
		A0D71D062B1A085E0095256E /* ViewController.swift */ = {isa = PBXFileReference; lastKnownFileType = sourcecode.swift; path = ViewController.swift; sourceTree = "<group>"; };
		A0D71D092B1A085E0095256E /* Base */ = {isa = PBXFileReference; lastKnownFileType = file.storyboard; name = Base; path = Base.lproj/Main.storyboard; sourceTree = "<group>"; };
		A0D71D0C2B1A085E0095256E /* today_news.xcdatamodel */ = {isa = PBXFileReference; lastKnownFileType = wrapper.xcdatamodel; path = today_news.xcdatamodel; sourceTree = "<group>"; };
		A0D71D0E2B1A085F0095256E /* Assets.xcassets */ = {isa = PBXFileReference; lastKnownFileType = folder.assetcatalog; path = Assets.xcassets; sourceTree = "<group>"; };
		A0D71D112B1A085F0095256E /* Base */ = {isa = PBXFileReference; lastKnownFileType = file.storyboard; name = Base; path = Base.lproj/LaunchScreen.storyboard; sourceTree = "<group>"; };
		A0D71D132B1A085F0095256E /* Info.plist */ = {isa = PBXFileReference; lastKnownFileType = text.plist.xml; path = Info.plist; sourceTree = "<group>"; };
		A0D71D182B1A085F0095256E /* today_newsTests.xctest */ = {isa = PBXFileReference; explicitFileType = wrapper.cfbundle; includeInIndex = 0; path = today_newsTests.xctest; sourceTree = BUILT_PRODUCTS_DIR; };
		A0D71D1C2B1A085F0095256E /* today_newsTests.swift */ = {isa = PBXFileReference; lastKnownFileType = sourcecode.swift; path = today_newsTests.swift; sourceTree = "<group>"; };
		A0D71D222B1A085F0095256E /* today_newsUITests.xctest */ = {isa = PBXFileReference; explicitFileType = wrapper.cfbundle; includeInIndex = 0; path = today_newsUITests.xctest; sourceTree = BUILT_PRODUCTS_DIR; };
		A0D71D262B1A085F0095256E /* today_newsUITests.swift */ = {isa = PBXFileReference; lastKnownFileType = sourcecode.swift; path = today_newsUITests.swift; sourceTree = "<group>"; };
		A0D71D282B1A085F0095256E /* today_newsUITestsLaunchTests.swift */ = {isa = PBXFileReference; lastKnownFileType = sourcecode.swift; path = today_newsUITestsLaunchTests.swift; sourceTree = "<group>"; };
/* End PBXFileReference section */

/* Begin PBXFrameworksBuildPhase section */
		A0D71CFC2B1A085E0095256E /* Frameworks */ = {
			isa = PBXFrameworksBuildPhase;
			buildActionMask = 2147483647;
			files = (
			);
			runOnlyForDeploymentPostprocessing = 0;
		};
		A0D71D152B1A085F0095256E /* Frameworks */ = {
			isa = PBXFrameworksBuildPhase;
			buildActionMask = 2147483647;
			files = (
			);
			runOnlyForDeploymentPostprocessing = 0;
		};
		A0D71D1F2B1A085F0095256E /* Frameworks */ = {
			isa = PBXFrameworksBuildPhase;
			buildActionMask = 2147483647;
			files = (
			);
			runOnlyForDeploymentPostprocessing = 0;
		};
/* End PBXFrameworksBuildPhase section */

/* Begin PBXGroup section */
		A0D71CF62B1A085E0095256E = {
			isa = PBXGroup;
			children = (
				A0D71D012B1A085E0095256E /* today_news */,
				A0D71D1B2B1A085F0095256E /* today_newsTests */,
				A0D71D252B1A085F0095256E /* today_newsUITests */,
				A0D71D002B1A085E0095256E /* Products */,
			);
			sourceTree = "<group>";
		};
		A0D71D002B1A085E0095256E /* Products */ = {
			isa = PBXGroup;
			children = (
				A0D71CFF2B1A085E0095256E /* today_news.app */,
				A0D71D182B1A085F0095256E /* today_newsTests.xctest */,
				A0D71D222B1A085F0095256E /* today_newsUITests.xctest */,
			);
			name = Products;
			sourceTree = "<group>";
		};
		A0D71D012B1A085E0095256E /* today_news */ = {
			isa = PBXGroup;
			children = (
				A0D71D022B1A085E0095256E /* AppDelegate.swift */,
				A0D71D042B1A085E0095256E /* SceneDelegate.swift */,
				A0D71D062B1A085E0095256E /* ViewController.swift */,
				A0D71D082B1A085E0095256E /* Main.storyboard */,
				A0D71D0E2B1A085F0095256E /* Assets.xcassets */,
				A0D71D102B1A085F0095256E /* LaunchScreen.storyboard */,
				A0D71D132B1A085F0095256E /* Info.plist */,
				A0D71D0B2B1A085E0095256E /* today_news.xcdatamodeld */,
			);
			path = today_news;
			sourceTree = "<group>";
		};
		A0D71D1B2B1A085F0095256E /* today_newsTests */ = {
			isa = PBXGroup;
			children = (
				A0D71D1C2B1A085F0095256E /* today_newsTests.swift */,
			);
			path = today_newsTests;
			sourceTree = "<group>";
		};
		A0D71D252B1A085F0095256E /* today_newsUITests */ = {
			isa = PBXGroup;
			children = (
				A0D71D262B1A085F0095256E /* today_newsUITests.swift */,
				A0D71D282B1A085F0095256E /* today_newsUITestsLaunchTests.swift */,
			);
			path = today_newsUITests;
			sourceTree = "<group>";
		};
/* End PBXGroup section */

/* Begin PBXNativeTarget section */
		A0D71CFE2B1A085E0095256E /* today_news */ = {
			isa = PBXNativeTarget;
			buildConfigurationList = A0D71D2C2B1A085F0095256E /* Build configuration list for PBXNativeTarget "today_news" */;
			buildPhases = (
				A0D71CFB2B1A085E0095256E /* Sources */,
				A0D71CFC2B1A085E0095256E /* Frameworks */,
				A0D71CFD2B1A085E0095256E /* Resources */,
			);
			buildRules = (
			);
			dependencies = (
			);
			name = today_news;
			productName = today_news;
			productReference = A0D71CFF2B1A085E0095256E /* today_news.app */;
			productType = "com.apple.product-type.application";
		};
		A0D71D172B1A085F0095256E /* today_newsTests */ = {
			isa = PBXNativeTarget;
			buildConfigurationList = A0D71D2F2B1A085F0095256E /* Build configuration list for PBXNativeTarget "today_newsTests" */;
			buildPhases = (
				A0D71D142B1A085F0095256E /* Sources */,
				A0D71D152B1A085F0095256E /* Frameworks */,
				A0D71D162B1A085F0095256E /* Resources */,
			);
			buildRules = (
			);
			dependencies = (
				A0D71D1A2B1A085F0095256E /* PBXTargetDependency */,
			);
			name = today_newsTests;
			productName = today_newsTests;
			productReference = A0D71D182B1A085F0095256E /* today_newsTests.xctest */;
			productType = "com.apple.product-type.bundle.unit-test";
		};
		A0D71D212B1A085F0095256E /* today_newsUITests */ = {
			isa = PBXNativeTarget;
			buildConfigurationList = A0D71D322B1A085F0095256E /* Build configuration list for PBXNativeTarget "today_newsUITests" */;
			buildPhases = (
				A0D71D1E2B1A085F0095256E /* Sources */,
				A0D71D1F2B1A085F0095256E /* Frameworks */,
				A0D71D202B1A085F0095256E /* Resources */,
			);
			buildRules = (
			);
			dependencies = (
				A0D71D242B1A085F0095256E /* PBXTargetDependency */,
			);
			name = today_newsUITests;
			productName = today_newsUITests;
			productReference = A0D71D222B1A085F0095256E /* today_newsUITests.xctest */;
			productType = "com.apple.product-type.bundle.ui-testing";
		};
/* End PBXNativeTarget section */

/* Begin PBXProject section */
		A0D71CF72B1A085E0095256E /* Project object */ = {
			isa = PBXProject;
			attributes = {
				BuildIndependentTargetsInParallel = 1;
				LastSwiftUpdateCheck = 1430;
				LastUpgradeCheck = 1430;
				TargetAttributes = {
					A0D71CFE2B1A085E0095256E = {
						CreatedOnToolsVersion = 14.3.1;
					};
					A0D71D172B1A085F0095256E = {
						CreatedOnToolsVersion = 14.3.1;
						TestTargetID = A0D71CFE2B1A085E0095256E;
					};
					A0D71D212B1A085F0095256E = {
						CreatedOnToolsVersion = 14.3.1;
						TestTargetID = A0D71CFE2B1A085E0095256E;
					};
				};
			};
			buildConfigurationList = A0D71CFA2B1A085E0095256E /* Build configuration list for PBXProject "today_news" */;
			compatibilityVersion = "Xcode 14.0";
			developmentRegion = en;
			hasScannedForEncodings = 0;
			knownRegions = (
				en,
				Base,
			);
			mainGroup = A0D71CF62B1A085E0095256E;
			productRefGroup = A0D71D002B1A085E0095256E /* Products */;
			projectDirPath = "";
			projectRoot = "";
			targets = (
				A0D71CFE2B1A085E0095256E /* today_news */,
				A0D71D172B1A085F0095256E /* today_newsTests */,
				A0D71D212B1A085F0095256E /* today_newsUITests */,
			);
		};
/* End PBXProject section */

/* Begin PBXResourcesBuildPhase section */
		A0D71CFD2B1A085E0095256E /* Resources */ = {
			isa = PBXResourcesBuildPhase;
			buildActionMask = 2147483647;
			files = (
				A0D71D122B1A085F0095256E /* LaunchScreen.storyboard in Resources */,
				A0D71D0F2B1A085F0095256E /* Assets.xcassets in Resources */,
				A0D71D0A2B1A085E0095256E /* Main.storyboard in Resources */,
			);
			runOnlyForDeploymentPostprocessing = 0;
		};
		A0D71D162B1A085F0095256E /* Resources */ = {
			isa = PBXResourcesBuildPhase;
			buildActionMask = 2147483647;
			files = (
			);
			runOnlyForDeploymentPostprocessing = 0;
		};
		A0D71D202B1A085F0095256E /* Resources */ = {
			isa = PBXResourcesBuildPhase;
			buildActionMask = 2147483647;
			files = (
			);
			runOnlyForDeploymentPostprocessing = 0;
		};
/* End PBXResourcesBuildPhase section */

/* Begin PBXSourcesBuildPhase section */
		A0D71CFB2B1A085E0095256E /* Sources */ = {
			isa = PBXSourcesBuildPhase;
			buildActionMask = 2147483647;
			files = (
				A0D71D0D2B1A085E0095256E /* today_news.xcdatamodeld in Sources */,
				A0D71D072B1A085E0095256E /* ViewController.swift in Sources */,
				A0D71D032B1A085E0095256E /* AppDelegate.swift in Sources */,
				A0D71D052B1A085E0095256E /* SceneDelegate.swift in Sources */,
			);
			runOnlyForDeploymentPostprocessing = 0;
		};
		A0D71D142B1A085F0095256E /* Sources */ = {
			isa = PBXSourcesBuildPhase;
			buildActionMask = 2147483647;
			files = (
				A0D71D1D2B1A085F0095256E /* today_newsTests.swift in Sources */,
			);
			runOnlyForDeploymentPostprocessing = 0;
		};
		A0D71D1E2B1A085F0095256E /* Sources */ = {
			isa = PBXSourcesBuildPhase;
			buildActionMask = 2147483647;
			files = (
				A0D71D272B1A085F0095256E /* today_newsUITests.swift in Sources */,
				A0D71D292B1A085F0095256E /* today_newsUITestsLaunchTests.swift in Sources */,
			);
			runOnlyForDeploymentPostprocessing = 0;
		};
/* End PBXSourcesBuildPhase section */

/* Begin PBXTargetDependency section */
		A0D71D1A2B1A085F0095256E /* PBXTargetDependency */ = {
			isa = PBXTargetDependency;
			target = A0D71CFE2B1A085E0095256E /* today_news */;
			targetProxy = A0D71D192B1A085F0095256E /* PBXContainerItemProxy */;
		};
		A0D71D242B1A085F0095256E /* PBXTargetDependency */ = {
			isa = PBXTargetDependency;
			target = A0D71CFE2B1A085E0095256E /* today_news */;
			targetProxy = A0D71D232B1A085F0095256E /* PBXContainerItemProxy */;
		};
/* End PBXTargetDependency section */

/* Begin PBXVariantGroup section */
		A0D71D082B1A085E0095256E /* Main.storyboard */ = {
			isa = PBXVariantGroup;
			children = (
				A0D71D092B1A085E0095256E /* Base */,
			);
			name = Main.storyboard;
			sourceTree = "<group>";
		};
		A0D71D102B1A085F0095256E /* LaunchScreen.storyboard */ = {
			isa = PBXVariantGroup;
			children = (
				A0D71D112B1A085F0095256E /* Base */,
			);
			name = LaunchScreen.storyboard;
			sourceTree = "<group>";
		};
/* End PBXVariantGroup section */

/* Begin XCBuildConfiguration section */
		A0D71D2A2B1A085F0095256E /* Debug */ = {
			isa = XCBuildConfiguration;
			buildSettings = {
				ALWAYS_SEARCH_USER_PATHS = NO;
				CLANG_ANALYZER_NONNULL = YES;
				CLANG_ANALYZER_NUMBER_OBJECT_CONVERSION = YES_AGGRESSIVE;
				CLANG_CXX_LANGUAGE_STANDARD = "gnu++20";
				CLANG_ENABLE_MODULES = YES;
				CLANG_ENABLE_OBJC_ARC = YES;
				CLANG_ENABLE_OBJC_WEAK = YES;
				CLANG_WARN_BLOCK_CAPTURE_AUTORELEASING = YES;
				CLANG_WARN_BOOL_CONVERSION = YES;
				CLANG_WARN_COMMA = YES;
				CLANG_WARN_CONSTANT_CONVERSION = YES;
				CLANG_WARN_DEPRECATED_OBJC_IMPLEMENTATIONS = YES;
				CLANG_WARN_DIRECT_OBJC_ISA_USAGE = YES_ERROR;
				CLANG_WARN_DOCUMENTATION_COMMENTS = YES;
				CLANG_WARN_EMPTY_BODY = YES;
				CLANG_WARN_ENUM_CONVERSION = YES;
				CLANG_WARN_INFINITE_RECURSION = YES;
				CLANG_WARN_INT_CONVERSION = YES;
				CLANG_WARN_NON_LITERAL_NULL_CONVERSION = YES;
				CLANG_WARN_OBJC_IMPLICIT_RETAIN_SELF = YES;
				CLANG_WARN_OBJC_LITERAL_CONVERSION = YES;
				CLANG_WARN_OBJC_ROOT_CLASS = YES_ERROR;
				CLANG_WARN_QUOTED_INCLUDE_IN_FRAMEWORK_HEADER = YES;
				CLANG_WARN_RANGE_LOOP_ANALYSIS = YES;
				CLANG_WARN_STRICT_PROTOTYPES = YES;
				CLANG_WARN_SUSPICIOUS_MOVE = YES;
				CLANG_WARN_UNGUARDED_AVAILABILITY = YES_AGGRESSIVE;
				CLANG_WARN_UNREACHABLE_CODE = YES;
				CLANG_WARN__DUPLICATE_METHOD_MATCH = YES;
				COPY_PHASE_STRIP = NO;
				DEBUG_INFORMATION_FORMAT = dwarf;
				ENABLE_STRICT_OBJC_MSGSEND = YES;
				ENABLE_TESTABILITY = YES;
				GCC_C_LANGUAGE_STANDARD = gnu11;
				GCC_DYNAMIC_NO_PIC = NO;
				GCC_NO_COMMON_BLOCKS = YES;
				GCC_OPTIMIZATION_LEVEL = 0;
				GCC_PREPROCESSOR_DEFINITIONS = (
					"DEBUG=1",
					"$(inherited)",
				);
				GCC_WARN_64_TO_32_BIT_CONVERSION = YES;
				GCC_WARN_ABOUT_RETURN_TYPE = YES_ERROR;
				GCC_WARN_UNDECLARED_SELECTOR = YES;
				GCC_WARN_UNINITIALIZED_AUTOS = YES_AGGRESSIVE;
				GCC_WARN_UNUSED_FUNCTION = YES;
				GCC_WARN_UNUSED_VARIABLE = YES;
				IPHONEOS_DEPLOYMENT_TARGET = 16.4;
				MTL_ENABLE_DEBUG_INFO = INCLUDE_SOURCE;
				MTL_FAST_MATH = YES;
				ONLY_ACTIVE_ARCH = YES;
				SDKROOT = iphoneos;
				SWIFT_ACTIVE_COMPILATION_CONDITIONS = DEBUG;
				SWIFT_OPTIMIZATION_LEVEL = "-Onone";
			};
			name = Debug;
		};
		A0D71D2B2B1A085F0095256E /* Release */ = {
			isa = XCBuildConfiguration;
			buildSettings = {
				ALWAYS_SEARCH_USER_PATHS = NO;
				CLANG_ANALYZER_NONNULL = YES;
				CLANG_ANALYZER_NUMBER_OBJECT_CONVERSION = YES_AGGRESSIVE;
				CLANG_CXX_LANGUAGE_STANDARD = "gnu++20";
				CLANG_ENABLE_MODULES = YES;
				CLANG_ENABLE_OBJC_ARC = YES;
				CLANG_ENABLE_OBJC_WEAK = YES;
				CLANG_WARN_BLOCK_CAPTURE_AUTORELEASING = YES;
				CLANG_WARN_BOOL_CONVERSION = YES;
				CLANG_WARN_COMMA = YES;
				CLANG_WARN_CONSTANT_CONVERSION = YES;
				CLANG_WARN_DEPRECATED_OBJC_IMPLEMENTATIONS = YES;
				CLANG_WARN_DIRECT_OBJC_ISA_USAGE = YES_ERROR;
				CLANG_WARN_DOCUMENTATION_COMMENTS = YES;
				CLANG_WARN_EMPTY_BODY = YES;
				CLANG_WARN_ENUM_CONVERSION = YES;
				CLANG_WARN_INFINITE_RECURSION = YES;
				CLANG_WARN_INT_CONVERSION = YES;
				CLANG_WARN_NON_LITERAL_NULL_CONVERSION = YES;
				CLANG_WARN_OBJC_IMPLICIT_RETAIN_SELF = YES;
				CLANG_WARN_OBJC_LITERAL_CONVERSION = YES;
				CLANG_WARN_OBJC_ROOT_CLASS = YES_ERROR;
				CLANG_WARN_QUOTED_INCLUDE_IN_FRAMEWORK_HEADER = YES;
				CLANG_WARN_RANGE_LOOP_ANALYSIS = YES;
				CLANG_WARN_STRICT_PROTOTYPES = YES;
				CLANG_WARN_SUSPICIOUS_MOVE = YES;
				CLANG_WARN_UNGUARDED_AVAILABILITY = YES_AGGRESSIVE;
				CLANG_WARN_UNREACHABLE_CODE = YES;
				CLANG_WARN__DUPLICATE_METHOD_MATCH = YES;
				COPY_PHASE_STRIP = NO;
				DEBUG_INFORMATION_FORMAT = "dwarf-with-dsym";
				ENABLE_NS_ASSERTIONS = NO;
				ENABLE_STRICT_OBJC_MSGSEND = YES;
				GCC_C_LANGUAGE_STANDARD = gnu11;
				GCC_NO_COMMON_BLOCKS = YES;
				GCC_WARN_64_TO_32_BIT_CONVERSION = YES;
				GCC_WARN_ABOUT_RETURN_TYPE = YES_ERROR;
				GCC_WARN_UNDECLARED_SELECTOR = YES;
				GCC_WARN_UNINITIALIZED_AUTOS = YES_AGGRESSIVE;
				GCC_WARN_UNUSED_FUNCTION = YES;
				GCC_WARN_UNUSED_VARIABLE = YES;
				IPHONEOS_DEPLOYMENT_TARGET = 16.4;
				MTL_ENABLE_DEBUG_INFO = NO;
				MTL_FAST_MATH = YES;
				SDKROOT = iphoneos;
				SWIFT_COMPILATION_MODE = wholemodule;
				SWIFT_OPTIMIZATION_LEVEL = "-O";
				VALIDATE_PRODUCT = YES;
			};
			name = Release;
		};
		A0D71D2D2B1A085F0095256E /* Debug */ = {
			isa = XCBuildConfiguration;
			buildSettings = {
				ASSETCATALOG_COMPILER_APPICON_NAME = AppIcon;
				ASSETCATALOG_COMPILER_GLOBAL_ACCENT_COLOR_NAME = AccentColor;
				CODE_SIGN_STYLE = Automatic;
				CURRENT_PROJECT_VERSION = 1;
				DEVELOPMENT_TEAM = Q798TC6D2D;
				GENERATE_INFOPLIST_FILE = YES;
				INFOPLIST_FILE = today_news/Info.plist;
				INFOPLIST_KEY_UIApplicationSupportsIndirectInputEvents = YES;
				INFOPLIST_KEY_UILaunchStoryboardName = LaunchScreen;
				INFOPLIST_KEY_UIMainStoryboardFile = Main;
				INFOPLIST_KEY_UISupportedInterfaceOrientations_iPad = "UIInterfaceOrientationPortrait UIInterfaceOrientationPortraitUpsideDown UIInterfaceOrientationLandscapeLeft UIInterfaceOrientationLandscapeRight";
				INFOPLIST_KEY_UISupportedInterfaceOrientations_iPhone = "UIInterfaceOrientationPortrait UIInterfaceOrientationLandscapeLeft UIInterfaceOrientationLandscapeRight";
				LD_RUNPATH_SEARCH_PATHS = (
					"$(inherited)",
					"@executable_path/Frameworks",
				);
				MARKETING_VERSION = 1.0;
				PRODUCT_BUNDLE_IDENTIFIER = "omo.today-news";
				PRODUCT_NAME = "$(TARGET_NAME)";
				SWIFT_EMIT_LOC_STRINGS = YES;
				SWIFT_VERSION = 5.0;
				TARGETED_DEVICE_FAMILY = "1,2";
			};
			name = Debug;
		};
		A0D71D2E2B1A085F0095256E /* Release */ = {
			isa = XCBuildConfiguration;
			buildSettings = {
				ASSETCATALOG_COMPILER_APPICON_NAME = AppIcon;
				ASSETCATALOG_COMPILER_GLOBAL_ACCENT_COLOR_NAME = AccentColor;
				CODE_SIGN_STYLE = Automatic;
				CURRENT_PROJECT_VERSION = 1;
				DEVELOPMENT_TEAM = Q798TC6D2D;
				GENERATE_INFOPLIST_FILE = YES;
				INFOPLIST_FILE = today_news/Info.plist;
				INFOPLIST_KEY_UIApplicationSupportsIndirectInputEvents = YES;
				INFOPLIST_KEY_UILaunchStoryboardName = LaunchScreen;
				INFOPLIST_KEY_UIMainStoryboardFile = Main;
				INFOPLIST_KEY_UISupportedInterfaceOrientations_iPad = "UIInterfaceOrientationPortrait UIInterfaceOrientationPortraitUpsideDown UIInterfaceOrientationLandscapeLeft UIInterfaceOrientationLandscapeRight";
				INFOPLIST_KEY_UISupportedInterfaceOrientations_iPhone = "UIInterfaceOrientationPortrait UIInterfaceOrientationLandscapeLeft UIInterfaceOrientationLandscapeRight";
				LD_RUNPATH_SEARCH_PATHS = (
					"$(inherited)",
					"@executable_path/Frameworks",
				);
				MARKETING_VERSION = 1.0;
				PRODUCT_BUNDLE_IDENTIFIER = "omo.today-news";
				PRODUCT_NAME = "$(TARGET_NAME)";
				SWIFT_EMIT_LOC_STRINGS = YES;
				SWIFT_VERSION = 5.0;
				TARGETED_DEVICE_FAMILY = "1,2";
			};
			name = Release;
		};
		A0D71D302B1A085F0095256E /* Debug */ = {
			isa = XCBuildConfiguration;
			buildSettings = {
				ALWAYS_EMBED_SWIFT_STANDARD_LIBRARIES = YES;
				BUNDLE_LOADER = "$(TEST_HOST)";
				CODE_SIGN_STYLE = Automatic;
				CURRENT_PROJECT_VERSION = 1;
				DEVELOPMENT_TEAM = Q798TC6D2D;
				GENERATE_INFOPLIST_FILE = YES;
				IPHONEOS_DEPLOYMENT_TARGET = 16.4;
				MARKETING_VERSION = 1.0;
				PRODUCT_BUNDLE_IDENTIFIER = "omo.today-newsTests";
				PRODUCT_NAME = "$(TARGET_NAME)";
				SWIFT_EMIT_LOC_STRINGS = NO;
				SWIFT_VERSION = 5.0;
				TARGETED_DEVICE_FAMILY = "1,2";
				TEST_HOST = "$(BUILT_PRODUCTS_DIR)/today_news.app/$(BUNDLE_EXECUTABLE_FOLDER_PATH)/today_news";
			};
			name = Debug;
		};
		A0D71D312B1A085F0095256E /* Release */ = {
			isa = XCBuildConfiguration;
			buildSettings = {
				ALWAYS_EMBED_SWIFT_STANDARD_LIBRARIES = YES;
				BUNDLE_LOADER = "$(TEST_HOST)";
				CODE_SIGN_STYLE = Automatic;
				CURRENT_PROJECT_VERSION = 1;
				DEVELOPMENT_TEAM = Q798TC6D2D;
				GENERATE_INFOPLIST_FILE = YES;
				IPHONEOS_DEPLOYMENT_TARGET = 16.4;
				MARKETING_VERSION = 1.0;
				PRODUCT_BUNDLE_IDENTIFIER = "omo.today-newsTests";
				PRODUCT_NAME = "$(TARGET_NAME)";
				SWIFT_EMIT_LOC_STRINGS = NO;
				SWIFT_VERSION = 5.0;
				TARGETED_DEVICE_FAMILY = "1,2";
				TEST_HOST = "$(BUILT_PRODUCTS_DIR)/today_news.app/$(BUNDLE_EXECUTABLE_FOLDER_PATH)/today_news";
			};
			name = Release;
		};
		A0D71D332B1A085F0095256E /* Debug */ = {
			isa = XCBuildConfiguration;
			buildSettings = {
				ALWAYS_EMBED_SWIFT_STANDARD_LIBRARIES = YES;
				CODE_SIGN_STYLE = Automatic;
				CURRENT_PROJECT_VERSION = 1;
				DEVELOPMENT_TEAM = Q798TC6D2D;
				GENERATE_INFOPLIST_FILE = YES;
				MARKETING_VERSION = 1.0;
				PRODUCT_BUNDLE_IDENTIFIER = "omo.today-newsUITests";
				PRODUCT_NAME = "$(TARGET_NAME)";
				SWIFT_EMIT_LOC_STRINGS = NO;
				SWIFT_VERSION = 5.0;
				TARGETED_DEVICE_FAMILY = "1,2";
				TEST_TARGET_NAME = today_news;
			};
			name = Debug;
		};
		A0D71D342B1A085F0095256E /* Release */ = {
			isa = XCBuildConfiguration;
			buildSettings = {
				ALWAYS_EMBED_SWIFT_STANDARD_LIBRARIES = YES;
				CODE_SIGN_STYLE = Automatic;
				CURRENT_PROJECT_VERSION = 1;
				DEVELOPMENT_TEAM = Q798TC6D2D;
				GENERATE_INFOPLIST_FILE = YES;
				MARKETING_VERSION = 1.0;
				PRODUCT_BUNDLE_IDENTIFIER = "omo.today-newsUITests";
				PRODUCT_NAME = "$(TARGET_NAME)";
				SWIFT_EMIT_LOC_STRINGS = NO;
				SWIFT_VERSION = 5.0;
				TARGETED_DEVICE_FAMILY = "1,2";
				TEST_TARGET_NAME = today_news;
			};
			name = Release;
		};
/* End XCBuildConfiguration section */

/* Begin XCConfigurationList section */
		A0D71CFA2B1A085E0095256E /* Build configuration list for PBXProject "today_news" */ = {
			isa = XCConfigurationList;
			buildConfigurations = (
				A0D71D2A2B1A085F0095256E /* Debug */,
				A0D71D2B2B1A085F0095256E /* Release */,
			);
			defaultConfigurationIsVisible = 0;
			defaultConfigurationName = Release;
		};
		A0D71D2C2B1A085F0095256E /* Build configuration list for PBXNativeTarget "today_news" */ = {
			isa = XCConfigurationList;
			buildConfigurations = (
				A0D71D2D2B1A085F0095256E /* Debug */,
				A0D71D2E2B1A085F0095256E /* Release */,
			);
			defaultConfigurationIsVisible = 0;
			defaultConfigurationName = Release;
		};
		A0D71D2F2B1A085F0095256E /* Build configuration list for PBXNativeTarget "today_newsTests" */ = {
			isa = XCConfigurationList;
			buildConfigurations = (
				A0D71D302B1A085F0095256E /* Debug */,
				A0D71D312B1A085F0095256E /* Release */,
			);
			defaultConfigurationIsVisible = 0;
			defaultConfigurationName = Release;
		};
		A0D71D322B1A085F0095256E /* Build configuration list for PBXNativeTarget "today_newsUITests" */ = {
			isa = XCConfigurationList;
			buildConfigurations = (
				A0D71D332B1A085F0095256E /* Debug */,
				A0D71D342B1A085F0095256E /* Release */,
			);
			defaultConfigurationIsVisible = 0;
			defaultConfigurationName = Release;
		};
/* End XCConfigurationList section */

/* Begin XCVersionGroup section */
		A0D71D0B2B1A085E0095256E /* today_news.xcdatamodeld */ = {
			isa = XCVersionGroup;
			children = (
				A0D71D0C2B1A085E0095256E /* today_news.xcdatamodel */,
			);
			currentVersion = A0D71D0C2B1A085E0095256E /* today_news.xcdatamodel */;
			path = today_news.xcdatamodeld;
			sourceTree = "<group>";
			versionGroupType = wrapper.xcdatamodel;
		};
/* End XCVersionGroup section */
	};
	rootObject = A0D71CF72B1A085E0095256E /* Project object */;
}
