// !$*UTF8*$!
{
	archiveVersion = 1;
	classes = {
	};
	objectVersion = 56;
	objects = {

/* Begin PBXBuildFile section */
		A00816002B42B41B0021755E /* GTLogin.m in Sources */ = {isa = PBXBuildFile; fileRef = A00815FF2B42B41B0021755E /* GTLogin.m */; };
		A00C1AE62B42DE7200DDED2A /* TencentOpenAPI.framework in Frameworks */ = {isa = PBXBuildFile; fileRef = A00C1AE52B42DE7200DDED2A /* TencentOpenAPI.framework */; };
		A00C1AE92B42E1FA00DDED2A /* SystemConfiguration.framework in Frameworks */ = {isa = PBXBuildFile; fileRef = A00C1AE82B42E1FA00DDED2A /* SystemConfiguration.framework */; };
		A05153BB2B2F347C00892968 /* ScreenUtil.m in Sources */ = {isa = PBXBuildFile; fileRef = A05153BA2B2F347C00892968 /* ScreenUtil.m */; };
		A05153BE2B31CD1400892968 /* SplashView.m in Sources */ = {isa = PBXBuildFile; fileRef = A05153BD2B31CD1400892968 /* SplashView.m */; };
		A0A72FA92B27328200BC97C6 /* VideoCoverView.m in Sources */ = {isa = PBXBuildFile; fileRef = A0A72FA82B27328200BC97C6 /* VideoCoverView.m */; };
		A0A72FAB2B27355C00BC97C6 /* play.png in Resources */ = {isa = PBXBuildFile; fileRef = A0A72FAA2B27355C00BC97C6 /* play.png */; };
		A0A72FAD2B2738DA00BC97C6 /* video_cover.png in Resources */ = {isa = PBXBuildFile; fileRef = A0A72FAC2B2738DA00BC97C6 /* video_cover.png */; };
		A0A72FB12B2ED72800BC97C6 /* VideoPlayer.m in Sources */ = {isa = PBXBuildFile; fileRef = A0A72FB02B2ED72800BC97C6 /* VideoPlayer.m */; };
		A0A72FB42B2EF8A900BC97C6 /* VideoToolbar.m in Sources */ = {isa = PBXBuildFile; fileRef = A0A72FB32B2EF8A900BC97C6 /* VideoToolbar.m */; };
		A0A72FB82B2F0B9D00BC97C6 /* UIImage+Custom.m in Sources */ = {isa = PBXBuildFile; fileRef = A0A72FB72B2F0B9D00BC97C6 /* UIImage+Custom.m */; };
		A0CCF6902B383323004E6CC5 /* CTMediator.m in Sources */ = {isa = PBXBuildFile; fileRef = A0CCF68F2B383232004E6CC5 /* CTMediator.m */; };
		A0D71D432B1A0D650095256E /* AppDelegate.m in Sources */ = {isa = PBXBuildFile; fileRef = A0D71D422B1A0D650095256E /* AppDelegate.m */; };
		A0D71D462B1A0D650095256E /* SceneDelegate.m in Sources */ = {isa = PBXBuildFile; fileRef = A0D71D452B1A0D650095256E /* SceneDelegate.m */; };
		A0D71D4C2B1A0D650095256E /* Main.storyboard in Resources */ = {isa = PBXBuildFile; fileRef = A0D71D4A2B1A0D650095256E /* Main.storyboard */; };
		A0D71D4F2B1A0D650095256E /* today_news_oc.xcdatamodeld in Sources */ = {isa = PBXBuildFile; fileRef = A0D71D4D2B1A0D650095256E /* today_news_oc.xcdatamodeld */; };
		A0D71D512B1A0D660095256E /* Assets.xcassets in Resources */ = {isa = PBXBuildFile; fileRef = A0D71D502B1A0D660095256E /* Assets.xcassets */; };
		A0D71D542B1A0D660095256E /* LaunchScreen.storyboard in Resources */ = {isa = PBXBuildFile; fileRef = A0D71D522B1A0D660095256E /* LaunchScreen.storyboard */; };
		A0D71D572B1A0D660095256E /* main.m in Sources */ = {isa = PBXBuildFile; fileRef = A0D71D562B1A0D660095256E /* main.m */; };
		A0D71D612B1A0D660095256E /* today_news_ocTests.m in Sources */ = {isa = PBXBuildFile; fileRef = A0D71D602B1A0D660095256E /* today_news_ocTests.m */; };
		A0D71D6B2B1A0D660095256E /* today_news_ocUITests.m in Sources */ = {isa = PBXBuildFile; fileRef = A0D71D6A2B1A0D660095256E /* today_news_ocUITests.m */; };
		A0D71D6D2B1A0D660095256E /* today_news_ocUITestsLaunchTests.m in Sources */ = {isa = PBXBuildFile; fileRef = A0D71D6C2B1A0D660095256E /* today_news_ocUITestsLaunchTests.m */; };
		A0D71D852B1AADF90095256E /* news_unselected.png in Resources */ = {isa = PBXBuildFile; fileRef = A0D71D7D2B1AADF80095256E /* news_unselected.png */; };
		A0D71D862B1AADF90095256E /* star_selected.png in Resources */ = {isa = PBXBuildFile; fileRef = A0D71D7E2B1AADF80095256E /* star_selected.png */; };
		A0D71D872B1AADF90095256E /* star_unselected.png in Resources */ = {isa = PBXBuildFile; fileRef = A0D71D7F2B1AADF80095256E /* star_unselected.png */; };
		A0D71D882B1AADF90095256E /* news_selected.png in Resources */ = {isa = PBXBuildFile; fileRef = A0D71D802B1AADF80095256E /* news_selected.png */; };
		A0D71D892B1AADF90095256E /* video_unselected.png in Resources */ = {isa = PBXBuildFile; fileRef = A0D71D812B1AADF80095256E /* video_unselected.png */; };
		A0D71D8A2B1AADF90095256E /* video_selected.png in Resources */ = {isa = PBXBuildFile; fileRef = A0D71D822B1AADF80095256E /* video_selected.png */; };
		A0D71D8B2B1AADF90095256E /* home_unselected.png in Resources */ = {isa = PBXBuildFile; fileRef = A0D71D832B1AADF80095256E /* home_unselected.png */; };
		A0D71D8C2B1AADF90095256E /* home_selected.png in Resources */ = {isa = PBXBuildFile; fileRef = A0D71D842B1AADF90095256E /* home_selected.png */; };
		A0D71D902B1B2DC60095256E /* ImageUtil.m in Sources */ = {isa = PBXBuildFile; fileRef = A0D71D8F2B1B2DC60095256E /* ImageUtil.m */; };
		A0D71DA12B1B3B540095256E /* mine_view_controller.m in Sources */ = {isa = PBXBuildFile; fileRef = A0D71DA02B1B3B540095256E /* mine_view_controller.m */; };
		A0D71DB02B1C7B900095256E /* news_view_controller.m in Sources */ = {isa = PBXBuildFile; fileRef = A0D71DAF2B1C7B900095256E /* news_view_controller.m */; };
		A0D71DB32B1C7C3B0095256E /* start_view_controller.m in Sources */ = {isa = PBXBuildFile; fileRef = A0D71DB22B1C7C3B0095256E /* start_view_controller.m */; };
		A0D71DB62B1C7CBF0095256E /* video_view_controller.m in Sources */ = {isa = PBXBuildFile; fileRef = A0D71DB52B1C7CBF0095256E /* video_view_controller.m */; };
		A0D71DBA2B1DD6C60095256E /* news_tableview_cell.m in Sources */ = {isa = PBXBuildFile; fileRef = A0D71DB92B1DD6C60095256E /* news_tableview_cell.m */; };
		A0D71DC02B1F6B4F0095256E /* news_detail_view_controller.m in Sources */ = {isa = PBXBuildFile; fileRef = A0D71DBE2B1F6B4F0095256E /* news_detail_view_controller.m */; };
		A0D71DC42B20A09A0095256E /* news_delete_cell_view.m in Sources */ = {isa = PBXBuildFile; fileRef = A0D71DC32B20A09A0095256E /* news_delete_cell_view.m */; };
		A0D71DC82B228D530095256E /* NewsListLoader.m in Sources */ = {isa = PBXBuildFile; fileRef = A0D71DC72B228D530095256E /* NewsListLoader.m */; };
		A0D71DCE2B243CD10095256E /* NewsModel.m in Sources */ = {isa = PBXBuildFile; fileRef = A0D71DCD2B243CD10095256E /* NewsModel.m */; };
		C6C20A6D663F16F3874633E6 /* Pods_today_news_oc.framework in Frameworks */ = {isa = PBXBuildFile; fileRef = B60EF50EE49F139CC72A1722 /* Pods_today_news_oc.framework */; settings = {ATTRIBUTES = (Required, ); }; };
/* End PBXBuildFile section */

/* Begin PBXContainerItemProxy section */
		A0D71D5D2B1A0D660095256E /* PBXContainerItemProxy */ = {
			isa = PBXContainerItemProxy;
			containerPortal = A0D71D362B1A0D650095256E /* Project object */;
			proxyType = 1;
			remoteGlobalIDString = A0D71D3D2B1A0D650095256E;
			remoteInfo = today_news_oc;
		};
		A0D71D672B1A0D660095256E /* PBXContainerItemProxy */ = {
			isa = PBXContainerItemProxy;
			containerPortal = A0D71D362B1A0D650095256E /* Project object */;
			proxyType = 1;
			remoteGlobalIDString = A0D71D3D2B1A0D650095256E;
			remoteInfo = today_news_oc;
		};
/* End PBXContainerItemProxy section */

/* Begin PBXCopyFilesBuildPhase section */
		A00815FD2B42A8720021755E /* Embed Frameworks */ = {
			isa = PBXCopyFilesBuildPhase;
			buildActionMask = 2147483647;
			dstPath = "";
			dstSubfolderSpec = 10;
			files = (
			);
			name = "Embed Frameworks";
			runOnlyForDeploymentPostprocessing = 0;
		};
/* End PBXCopyFilesBuildPhase section */

/* Begin PBXFileReference section */
		5FFD3253A01C5766E791F22D /* Pods-today_news_oc.debug.xcconfig */ = {isa = PBXFileReference; includeInIndex = 1; lastKnownFileType = text.xcconfig; name = "Pods-today_news_oc.debug.xcconfig"; path = "Target Support Files/Pods-today_news_oc/Pods-today_news_oc.debug.xcconfig"; sourceTree = "<group>"; };
		72EBBB2238D5D53CE1DBB1E6 /* Pods-today_news_oc.release.xcconfig */ = {isa = PBXFileReference; includeInIndex = 1; lastKnownFileType = text.xcconfig; name = "Pods-today_news_oc.release.xcconfig"; path = "Target Support Files/Pods-today_news_oc/Pods-today_news_oc.release.xcconfig"; sourceTree = "<group>"; };
		A00815FE2B42B41B0021755E /* GTLogin.h */ = {isa = PBXFileReference; lastKnownFileType = sourcecode.c.h; path = GTLogin.h; sourceTree = "<group>"; };
		A00815FF2B42B41B0021755E /* GTLogin.m */ = {isa = PBXFileReference; lastKnownFileType = sourcecode.c.objc; path = GTLogin.m; sourceTree = "<group>"; };
		A00C1AE52B42DE7200DDED2A /* TencentOpenAPI.framework */ = {isa = PBXFileReference; lastKnownFileType = wrapper.framework; path = TencentOpenAPI.framework; sourceTree = "<group>"; };
		A00C1AE82B42E1FA00DDED2A /* SystemConfiguration.framework */ = {isa = PBXFileReference; lastKnownFileType = wrapper.framework; name = SystemConfiguration.framework; path = System/Library/Frameworks/SystemConfiguration.framework; sourceTree = SDKROOT; };
		A05153AE2B2F28F900892968 /* Masonry.framework */ = {isa = PBXFileReference; explicitFileType = wrapper.framework; path = Masonry.framework; sourceTree = BUILT_PRODUCTS_DIR; };
		A05153B52B2F2DA800892968 /* SDWebImage.framework */ = {isa = PBXFileReference; explicitFileType = wrapper.framework; path = SDWebImage.framework; sourceTree = BUILT_PRODUCTS_DIR; };
		A05153B72B2F2DB500892968 /* Masonry.framework */ = {isa = PBXFileReference; explicitFileType = wrapper.framework; path = Masonry.framework; sourceTree = BUILT_PRODUCTS_DIR; };
		A05153B92B2F347C00892968 /* ScreenUtil.h */ = {isa = PBXFileReference; lastKnownFileType = sourcecode.c.h; path = ScreenUtil.h; sourceTree = "<group>"; };
		A05153BA2B2F347C00892968 /* ScreenUtil.m */ = {isa = PBXFileReference; lastKnownFileType = sourcecode.c.objc; path = ScreenUtil.m; sourceTree = "<group>"; };
		A05153BC2B31CD1400892968 /* SplashView.h */ = {isa = PBXFileReference; lastKnownFileType = sourcecode.c.h; path = SplashView.h; sourceTree = "<group>"; };
		A05153BD2B31CD1400892968 /* SplashView.m */ = {isa = PBXFileReference; lastKnownFileType = sourcecode.c.objc; path = SplashView.m; sourceTree = "<group>"; };
		A0A72FA72B27328200BC97C6 /* VideoCoverView.h */ = {isa = PBXFileReference; lastKnownFileType = sourcecode.c.h; path = VideoCoverView.h; sourceTree = "<group>"; };
		A0A72FA82B27328200BC97C6 /* VideoCoverView.m */ = {isa = PBXFileReference; lastKnownFileType = sourcecode.c.objc; path = VideoCoverView.m; sourceTree = "<group>"; };
		A0A72FAA2B27355C00BC97C6 /* play.png */ = {isa = PBXFileReference; lastKnownFileType = image.png; path = play.png; sourceTree = "<group>"; };
		A0A72FAC2B2738DA00BC97C6 /* video_cover.png */ = {isa = PBXFileReference; lastKnownFileType = image.png; path = video_cover.png; sourceTree = "<group>"; };
		A0A72FAF2B2ED72800BC97C6 /* VideoPlayer.h */ = {isa = PBXFileReference; lastKnownFileType = sourcecode.c.h; path = VideoPlayer.h; sourceTree = "<group>"; };
		A0A72FB02B2ED72800BC97C6 /* VideoPlayer.m */ = {isa = PBXFileReference; lastKnownFileType = sourcecode.c.objc; path = VideoPlayer.m; sourceTree = "<group>"; };
		A0A72FB22B2EF8A900BC97C6 /* VideoToolbar.h */ = {isa = PBXFileReference; lastKnownFileType = sourcecode.c.h; path = VideoToolbar.h; sourceTree = "<group>"; };
		A0A72FB32B2EF8A900BC97C6 /* VideoToolbar.m */ = {isa = PBXFileReference; lastKnownFileType = sourcecode.c.objc; path = VideoToolbar.m; sourceTree = "<group>"; };
		A0A72FB62B2F0B9D00BC97C6 /* UIImage+Custom.h */ = {isa = PBXFileReference; lastKnownFileType = sourcecode.c.h; path = "UIImage+Custom.h"; sourceTree = "<group>"; };
		A0A72FB72B2F0B9D00BC97C6 /* UIImage+Custom.m */ = {isa = PBXFileReference; lastKnownFileType = sourcecode.c.objc; path = "UIImage+Custom.m"; sourceTree = "<group>"; };
		A0A72FB92B2F215200BC97C6 /* Masonry.framework */ = {isa = PBXFileReference; explicitFileType = wrapper.framework; path = Masonry.framework; sourceTree = BUILT_PRODUCTS_DIR; };
		A0CCF68E2B383232004E6CC5 /* CTMediator.h */ = {isa = PBXFileReference; lastKnownFileType = sourcecode.c.h; path = CTMediator.h; sourceTree = "<group>"; };
		A0CCF68F2B383232004E6CC5 /* CTMediator.m */ = {isa = PBXFileReference; lastKnownFileType = sourcecode.c.objc; path = CTMediator.m; sourceTree = "<group>"; };
		A0D71D3E2B1A0D650095256E /* today_news_oc.app */ = {isa = PBXFileReference; explicitFileType = wrapper.application; includeInIndex = 0; path = today_news_oc.app; sourceTree = BUILT_PRODUCTS_DIR; };
		A0D71D412B1A0D650095256E /* AppDelegate.h */ = {isa = PBXFileReference; lastKnownFileType = sourcecode.c.h; path = AppDelegate.h; sourceTree = "<group>"; };
		A0D71D422B1A0D650095256E /* AppDelegate.m */ = {isa = PBXFileReference; lastKnownFileType = sourcecode.c.objc; path = AppDelegate.m; sourceTree = "<group>"; };
		A0D71D442B1A0D650095256E /* SceneDelegate.h */ = {isa = PBXFileReference; lastKnownFileType = sourcecode.c.h; path = SceneDelegate.h; sourceTree = "<group>"; };
		A0D71D452B1A0D650095256E /* SceneDelegate.m */ = {isa = PBXFileReference; lastKnownFileType = sourcecode.c.objc; path = SceneDelegate.m; sourceTree = "<group>"; };
		A0D71D4B2B1A0D650095256E /* Base */ = {isa = PBXFileReference; lastKnownFileType = file.storyboard; name = Base; path = Base.lproj/Main.storyboard; sourceTree = "<group>"; };
		A0D71D4E2B1A0D650095256E /* today_news_oc.xcdatamodel */ = {isa = PBXFileReference; lastKnownFileType = wrapper.xcdatamodel; path = today_news_oc.xcdatamodel; sourceTree = "<group>"; };
		A0D71D502B1A0D660095256E /* Assets.xcassets */ = {isa = PBXFileReference; lastKnownFileType = folder.assetcatalog; path = Assets.xcassets; sourceTree = "<group>"; };
		A0D71D532B1A0D660095256E /* Base */ = {isa = PBXFileReference; lastKnownFileType = file.storyboard; name = Base; path = Base.lproj/LaunchScreen.storyboard; sourceTree = "<group>"; };
		A0D71D552B1A0D660095256E /* Info.plist */ = {isa = PBXFileReference; lastKnownFileType = text.plist.xml; path = Info.plist; sourceTree = "<group>"; };
		A0D71D562B1A0D660095256E /* main.m */ = {isa = PBXFileReference; lastKnownFileType = sourcecode.c.objc; path = main.m; sourceTree = "<group>"; };
		A0D71D5C2B1A0D660095256E /* today_news_ocTests.xctest */ = {isa = PBXFileReference; explicitFileType = wrapper.cfbundle; includeInIndex = 0; path = today_news_ocTests.xctest; sourceTree = BUILT_PRODUCTS_DIR; };
		A0D71D602B1A0D660095256E /* today_news_ocTests.m */ = {isa = PBXFileReference; lastKnownFileType = sourcecode.c.objc; path = today_news_ocTests.m; sourceTree = "<group>"; };
		A0D71D662B1A0D660095256E /* today_news_ocUITests.xctest */ = {isa = PBXFileReference; explicitFileType = wrapper.cfbundle; includeInIndex = 0; path = today_news_ocUITests.xctest; sourceTree = BUILT_PRODUCTS_DIR; };
		A0D71D6A2B1A0D660095256E /* today_news_ocUITests.m */ = {isa = PBXFileReference; lastKnownFileType = sourcecode.c.objc; path = today_news_ocUITests.m; sourceTree = "<group>"; };
		A0D71D6C2B1A0D660095256E /* today_news_ocUITestsLaunchTests.m */ = {isa = PBXFileReference; lastKnownFileType = sourcecode.c.objc; path = today_news_ocUITestsLaunchTests.m; sourceTree = "<group>"; };
		A0D71D7D2B1AADF80095256E /* news_unselected.png */ = {isa = PBXFileReference; lastKnownFileType = image.png; path = news_unselected.png; sourceTree = "<group>"; };
		A0D71D7E2B1AADF80095256E /* star_selected.png */ = {isa = PBXFileReference; lastKnownFileType = image.png; path = star_selected.png; sourceTree = "<group>"; };
		A0D71D7F2B1AADF80095256E /* star_unselected.png */ = {isa = PBXFileReference; lastKnownFileType = image.png; path = star_unselected.png; sourceTree = "<group>"; };
		A0D71D802B1AADF80095256E /* news_selected.png */ = {isa = PBXFileReference; lastKnownFileType = image.png; path = news_selected.png; sourceTree = "<group>"; };
		A0D71D812B1AADF80095256E /* video_unselected.png */ = {isa = PBXFileReference; lastKnownFileType = image.png; path = video_unselected.png; sourceTree = "<group>"; };
		A0D71D822B1AADF80095256E /* video_selected.png */ = {isa = PBXFileReference; lastKnownFileType = image.png; path = video_selected.png; sourceTree = "<group>"; };
		A0D71D832B1AADF80095256E /* home_unselected.png */ = {isa = PBXFileReference; lastKnownFileType = image.png; path = home_unselected.png; sourceTree = "<group>"; };
		A0D71D842B1AADF90095256E /* home_selected.png */ = {isa = PBXFileReference; lastKnownFileType = image.png; path = home_selected.png; sourceTree = "<group>"; };
		A0D71D8F2B1B2DC60095256E /* ImageUtil.m */ = {isa = PBXFileReference; lastKnownFileType = sourcecode.c.objc; path = ImageUtil.m; sourceTree = "<group>"; };
		A0D71D912B1B2DD70095256E /* ImageUtil.h */ = {isa = PBXFileReference; lastKnownFileType = sourcecode.c.h; path = ImageUtil.h; sourceTree = "<group>"; };
		A0D71D9F2B1B3B230095256E /* mine_view_controller.h */ = {isa = PBXFileReference; lastKnownFileType = sourcecode.c.h; path = mine_view_controller.h; sourceTree = "<group>"; };
		A0D71DA02B1B3B540095256E /* mine_view_controller.m */ = {isa = PBXFileReference; lastKnownFileType = sourcecode.c.objc; path = mine_view_controller.m; sourceTree = "<group>"; };
		A0D71DAE2B1C7B770095256E /* news_view_controller.h */ = {isa = PBXFileReference; lastKnownFileType = sourcecode.c.h; path = news_view_controller.h; sourceTree = "<group>"; };
		A0D71DAF2B1C7B900095256E /* news_view_controller.m */ = {isa = PBXFileReference; lastKnownFileType = sourcecode.c.objc; path = news_view_controller.m; sourceTree = "<group>"; };
		A0D71DB12B1C7C2D0095256E /* star_view_controller.h */ = {isa = PBXFileReference; lastKnownFileType = sourcecode.c.h; path = star_view_controller.h; sourceTree = "<group>"; };
		A0D71DB22B1C7C3B0095256E /* start_view_controller.m */ = {isa = PBXFileReference; lastKnownFileType = sourcecode.c.objc; path = start_view_controller.m; sourceTree = "<group>"; };
		A0D71DB42B1C7CB20095256E /* video_view_controller.h */ = {isa = PBXFileReference; lastKnownFileType = sourcecode.c.h; path = video_view_controller.h; sourceTree = "<group>"; };
		A0D71DB52B1C7CBF0095256E /* video_view_controller.m */ = {isa = PBXFileReference; lastKnownFileType = sourcecode.c.objc; path = video_view_controller.m; sourceTree = "<group>"; };
		A0D71DB72B1C7D210095256E /* biz_modules.h */ = {isa = PBXFileReference; lastKnownFileType = sourcecode.c.h; path = biz_modules.h; sourceTree = "<group>"; };
		A0D71DB82B1DD6C60095256E /* news_tableview_cell.h */ = {isa = PBXFileReference; lastKnownFileType = sourcecode.c.h; path = news_tableview_cell.h; sourceTree = "<group>"; };
		A0D71DB92B1DD6C60095256E /* news_tableview_cell.m */ = {isa = PBXFileReference; lastKnownFileType = sourcecode.c.objc; path = news_tableview_cell.m; sourceTree = "<group>"; };
		A0D71DBE2B1F6B4F0095256E /* news_detail_view_controller.m */ = {isa = PBXFileReference; fileEncoding = 4; lastKnownFileType = sourcecode.c.objc; path = news_detail_view_controller.m; sourceTree = "<group>"; };
		A0D71DC12B1F71DE0095256E /* news_detail_view_controller.h */ = {isa = PBXFileReference; lastKnownFileType = sourcecode.c.h; path = news_detail_view_controller.h; sourceTree = "<group>"; };
		A0D71DC22B20A09A0095256E /* news_delete_cell_view.h */ = {isa = PBXFileReference; lastKnownFileType = sourcecode.c.h; path = news_delete_cell_view.h; sourceTree = "<group>"; };
		A0D71DC32B20A09A0095256E /* news_delete_cell_view.m */ = {isa = PBXFileReference; lastKnownFileType = sourcecode.c.objc; path = news_delete_cell_view.m; sourceTree = "<group>"; };
		A0D71DC62B228D530095256E /* NewsListLoader.h */ = {isa = PBXFileReference; lastKnownFileType = sourcecode.c.h; path = NewsListLoader.h; sourceTree = "<group>"; };
		A0D71DC72B228D530095256E /* NewsListLoader.m */ = {isa = PBXFileReference; lastKnownFileType = sourcecode.c.objc; path = NewsListLoader.m; sourceTree = "<group>"; };
		A0D71DC92B2360E90095256E /* Podfile */ = {isa = PBXFileReference; lastKnownFileType = text; path = Podfile; sourceTree = "<group>"; xcLanguageSpecificationIdentifier = xcode.lang.ruby; };
		A0D71DCC2B243CD10095256E /* NewsModel.h */ = {isa = PBXFileReference; lastKnownFileType = sourcecode.c.h; path = NewsModel.h; sourceTree = "<group>"; };
		A0D71DCD2B243CD10095256E /* NewsModel.m */ = {isa = PBXFileReference; lastKnownFileType = sourcecode.c.objc; path = NewsModel.m; sourceTree = "<group>"; };
		B60EF50EE49F139CC72A1722 /* Pods_today_news_oc.framework */ = {isa = PBXFileReference; explicitFileType = wrapper.framework; includeInIndex = 0; path = Pods_today_news_oc.framework; sourceTree = BUILT_PRODUCTS_DIR; };
/* End PBXFileReference section */

/* Begin PBXFrameworksBuildPhase section */
		A0D71D3B2B1A0D650095256E /* Frameworks */ = {
			isa = PBXFrameworksBuildPhase;
			buildActionMask = 2147483647;
			files = (
				A00C1AE92B42E1FA00DDED2A /* SystemConfiguration.framework in Frameworks */,
				A00C1AE62B42DE7200DDED2A /* TencentOpenAPI.framework in Frameworks */,
				C6C20A6D663F16F3874633E6 /* Pods_today_news_oc.framework in Frameworks */,
			);
			runOnlyForDeploymentPostprocessing = 0;
		};
		A0D71D592B1A0D660095256E /* Frameworks */ = {
			isa = PBXFrameworksBuildPhase;
			buildActionMask = 2147483647;
			files = (
			);
			runOnlyForDeploymentPostprocessing = 0;
		};
		A0D71D632B1A0D660095256E /* Frameworks */ = {
			isa = PBXFrameworksBuildPhase;
			buildActionMask = 2147483647;
			files = (
			);
			runOnlyForDeploymentPostprocessing = 0;
		};
/* End PBXFrameworksBuildPhase section */

/* Begin PBXGroup section */
		1125776484187877AEB9C8DF /* Frameworks */ = {
			isa = PBXGroup;
			children = (
				A05153B72B2F2DB500892968 /* Masonry.framework */,
				A05153B52B2F2DA800892968 /* SDWebImage.framework */,
				A05153AE2B2F28F900892968 /* Masonry.framework */,
				A0A72FB92B2F215200BC97C6 /* Masonry.framework */,
				B60EF50EE49F139CC72A1722 /* Pods_today_news_oc.framework */,
			);
			name = Frameworks;
			sourceTree = "<group>";
		};
		A0A72FAE2B2ED70500BC97C6 /* utils */ = {
			isa = PBXGroup;
			children = (
				A0A72FAF2B2ED72800BC97C6 /* VideoPlayer.h */,
				A0A72FB02B2ED72800BC97C6 /* VideoPlayer.m */,
			);
			path = utils;
			sourceTree = "<group>";
		};
		A0CCF71E2B429AF1004E6CC5 /* Frameworks */ = {
			isa = PBXGroup;
			children = (
				A00C1AE82B42E1FA00DDED2A /* SystemConfiguration.framework */,
				A00C1AE52B42DE7200DDED2A /* TencentOpenAPI.framework */,
			);
			path = Frameworks;
			sourceTree = "<group>";
		};
		A0D71D352B1A0D650095256E = {
			isa = PBXGroup;
			children = (
				A0CCF71E2B429AF1004E6CC5 /* Frameworks */,
				A0D71DC92B2360E90095256E /* Podfile */,
				A0D71D942B1B39CF0095256E /* foundation_modules */,
				A0D71D922B1B39390095256E /* biz_modules */,
				A0D71D7B2B1AABB20095256E /* Resources */,
				A0D71D7A2B1AAB990095256E /* Supporting Files */,
				A0D71D402B1A0D650095256E /* today_news_oc */,
				A0D71D5F2B1A0D660095256E /* today_news_ocTests */,
				A0D71D692B1A0D660095256E /* today_news_ocUITests */,
				A0D71D3F2B1A0D650095256E /* Products */,
				D5F1100FF0B271F4E3680FA2 /* Pods */,
				1125776484187877AEB9C8DF /* Frameworks */,
			);
			sourceTree = "<group>";
		};
		A0D71D3F2B1A0D650095256E /* Products */ = {
			isa = PBXGroup;
			children = (
				A0D71D3E2B1A0D650095256E /* today_news_oc.app */,
				A0D71D5C2B1A0D660095256E /* today_news_ocTests.xctest */,
				A0D71D662B1A0D660095256E /* today_news_ocUITests.xctest */,
			);
			name = Products;
			sourceTree = "<group>";
		};
		A0D71D402B1A0D650095256E /* today_news_oc */ = {
			isa = PBXGroup;
			children = (
				A0CCF68E2B383232004E6CC5 /* CTMediator.h */,
				A0CCF68F2B383232004E6CC5 /* CTMediator.m */,
				A0D71D412B1A0D650095256E /* AppDelegate.h */,
				A0D71D422B1A0D650095256E /* AppDelegate.m */,
				A0D71D442B1A0D650095256E /* SceneDelegate.h */,
				A0D71D452B1A0D650095256E /* SceneDelegate.m */,
				A0D71D4A2B1A0D650095256E /* Main.storyboard */,
				A0D71D502B1A0D660095256E /* Assets.xcassets */,
				A0D71D522B1A0D660095256E /* LaunchScreen.storyboard */,
				A0D71D552B1A0D660095256E /* Info.plist */,
				A0D71D562B1A0D660095256E /* main.m */,
				A05153BC2B31CD1400892968 /* SplashView.h */,
				A05153BD2B31CD1400892968 /* SplashView.m */,
				A0D71D4D2B1A0D650095256E /* today_news_oc.xcdatamodeld */,
			);
			path = today_news_oc;
			sourceTree = "<group>";
		};
		A0D71D5F2B1A0D660095256E /* today_news_ocTests */ = {
			isa = PBXGroup;
			children = (
				A0D71D602B1A0D660095256E /* today_news_ocTests.m */,
			);
			path = today_news_ocTests;
			sourceTree = "<group>";
		};
		A0D71D692B1A0D660095256E /* today_news_ocUITests */ = {
			isa = PBXGroup;
			children = (
				A0D71D6A2B1A0D660095256E /* today_news_ocUITests.m */,
				A0D71D6C2B1A0D660095256E /* today_news_ocUITestsLaunchTests.m */,
			);
			path = today_news_ocUITests;
			sourceTree = "<group>";
		};
		A0D71D7A2B1AAB990095256E /* Supporting Files */ = {
			isa = PBXGroup;
			children = (
			);
			path = "Supporting Files";
			sourceTree = "<group>";
		};
		A0D71D7B2B1AABB20095256E /* Resources */ = {
			isa = PBXGroup;
			children = (
				A0D71D7C2B1AABBC0095256E /* images */,
			);
			path = Resources;
			sourceTree = "<group>";
		};
		A0D71D7C2B1AABBC0095256E /* images */ = {
			isa = PBXGroup;
			children = (
				A0A72FAC2B2738DA00BC97C6 /* video_cover.png */,
				A0A72FAA2B27355C00BC97C6 /* play.png */,
				A0D71D842B1AADF90095256E /* home_selected.png */,
				A0D71D832B1AADF80095256E /* home_unselected.png */,
				A0D71D802B1AADF80095256E /* news_selected.png */,
				A0D71D7D2B1AADF80095256E /* news_unselected.png */,
				A0D71D7E2B1AADF80095256E /* star_selected.png */,
				A0D71D7F2B1AADF80095256E /* star_unselected.png */,
				A0D71D822B1AADF80095256E /* video_selected.png */,
				A0D71D812B1AADF80095256E /* video_unselected.png */,
			);
			path = images;
			sourceTree = "<group>";
		};
		A0D71D922B1B39390095256E /* biz_modules */ = {
			isa = PBXGroup;
			children = (
				A0D71D9A2B1B3A480095256E /* mine_module */,
				A0D71D992B1B3A410095256E /* star_module */,
				A0D71D982B1B3A2E0095256E /* news_module */,
				A0D71D972B1B3A260095256E /* video_module */,
				A0D71DB72B1C7D210095256E /* biz_modules.h */,
			);
			path = biz_modules;
			sourceTree = "<group>";
		};
		A0D71D942B1B39CF0095256E /* foundation_modules */ = {
			isa = PBXGroup;
			children = (
				A0D71D8F2B1B2DC60095256E /* ImageUtil.m */,
				A0D71D912B1B2DD70095256E /* ImageUtil.h */,
				A0A72FB62B2F0B9D00BC97C6 /* UIImage+Custom.h */,
				A0A72FB72B2F0B9D00BC97C6 /* UIImage+Custom.m */,
				A05153B92B2F347C00892968 /* ScreenUtil.h */,
				A05153BA2B2F347C00892968 /* ScreenUtil.m */,
			);
			path = foundation_modules;
			sourceTree = "<group>";
		};
		A0D71D972B1B3A260095256E /* video_module */ = {
			isa = PBXGroup;
			children = (
				A0A72FAE2B2ED70500BC97C6 /* utils */,
				A0D71DAD2B1C7B3A0095256E /* views */,
				A0D71DAC2B1C7B360095256E /* models */,
				A0D71DAB2B1C7B2E0095256E /* view_controllers */,
			);
			path = video_module;
			sourceTree = "<group>";
		};
		A0D71D982B1B3A2E0095256E /* news_module */ = {
			isa = PBXGroup;
			children = (
				A0D71DCF2B243D250095256E /* controllers */,
				A0D71DAA2B1C7B270095256E /* models */,
				A0D71DA92B1C7B230095256E /* views */,
				A0D71DA82B1C7B1B0095256E /* view_controllers */,
			);
			path = news_module;
			sourceTree = "<group>";
		};
		A0D71D992B1B3A410095256E /* star_module */ = {
			isa = PBXGroup;
			children = (
				A0D71DA72B1C7B150095256E /* models */,
				A0D71DA62B1C7B0C0095256E /* views */,
				A0D71DA52B1C7B030095256E /* view_controllers */,
			);
			path = star_module;
			sourceTree = "<group>";
		};
		A0D71D9A2B1B3A480095256E /* mine_module */ = {
			isa = PBXGroup;
			children = (
				A0D71D9D2B1B3A900095256E /* view_controllers */,
				A0D71D9C2B1B3A730095256E /* views */,
				A0D71D9B2B1B3A6B0095256E /* models */,
			);
			path = mine_module;
			sourceTree = "<group>";
		};
		A0D71D9B2B1B3A6B0095256E /* models */ = {
			isa = PBXGroup;
			children = (
			);
			path = models;
			sourceTree = "<group>";
		};
		A0D71D9C2B1B3A730095256E /* views */ = {
			isa = PBXGroup;
			children = (
			);
			path = views;
			sourceTree = "<group>";
		};
		A0D71D9D2B1B3A900095256E /* view_controllers */ = {
			isa = PBXGroup;
			children = (
				A0D71D9F2B1B3B230095256E /* mine_view_controller.h */,
				A0D71DA02B1B3B540095256E /* mine_view_controller.m */,
				A00815FE2B42B41B0021755E /* GTLogin.h */,
				A00815FF2B42B41B0021755E /* GTLogin.m */,
			);
			path = view_controllers;
			sourceTree = "<group>";
		};
		A0D71DA52B1C7B030095256E /* view_controllers */ = {
			isa = PBXGroup;
			children = (
				A0D71DB12B1C7C2D0095256E /* star_view_controller.h */,
				A0D71DB22B1C7C3B0095256E /* start_view_controller.m */,
			);
			path = view_controllers;
			sourceTree = "<group>";
		};
		A0D71DA62B1C7B0C0095256E /* views */ = {
			isa = PBXGroup;
			children = (
			);
			path = views;
			sourceTree = "<group>";
		};
		A0D71DA72B1C7B150095256E /* models */ = {
			isa = PBXGroup;
			children = (
			);
			path = models;
			sourceTree = "<group>";
		};
		A0D71DA82B1C7B1B0095256E /* view_controllers */ = {
			isa = PBXGroup;
			children = (
				A0D71DAE2B1C7B770095256E /* news_view_controller.h */,
				A0D71DAF2B1C7B900095256E /* news_view_controller.m */,
				A0D71DBE2B1F6B4F0095256E /* news_detail_view_controller.m */,
				A0D71DC12B1F71DE0095256E /* news_detail_view_controller.h */,
			);
			path = view_controllers;
			sourceTree = "<group>";
		};
		A0D71DA92B1C7B230095256E /* views */ = {
			isa = PBXGroup;
			children = (
				A0D71DB82B1DD6C60095256E /* news_tableview_cell.h */,
				A0D71DB92B1DD6C60095256E /* news_tableview_cell.m */,
				A0D71DC22B20A09A0095256E /* news_delete_cell_view.h */,
				A0D71DC32B20A09A0095256E /* news_delete_cell_view.m */,
			);
			path = views;
			sourceTree = "<group>";
		};
		A0D71DAA2B1C7B270095256E /* models */ = {
			isa = PBXGroup;
			children = (
				A0D71DCC2B243CD10095256E /* NewsModel.h */,
				A0D71DCD2B243CD10095256E /* NewsModel.m */,
			);
			path = models;
			sourceTree = "<group>";
		};
		A0D71DAB2B1C7B2E0095256E /* view_controllers */ = {
			isa = PBXGroup;
			children = (
				A0D71DB42B1C7CB20095256E /* video_view_controller.h */,
				A0D71DB52B1C7CBF0095256E /* video_view_controller.m */,
				A0A72FA72B27328200BC97C6 /* VideoCoverView.h */,
				A0A72FA82B27328200BC97C6 /* VideoCoverView.m */,
			);
			path = view_controllers;
			sourceTree = "<group>";
		};
		A0D71DAC2B1C7B360095256E /* models */ = {
			isa = PBXGroup;
			children = (
			);
			path = models;
			sourceTree = "<group>";
		};
		A0D71DAD2B1C7B3A0095256E /* views */ = {
			isa = PBXGroup;
			children = (
				A0A72FB22B2EF8A900BC97C6 /* VideoToolbar.h */,
				A0A72FB32B2EF8A900BC97C6 /* VideoToolbar.m */,
			);
			path = views;
			sourceTree = "<group>";
		};
		A0D71DCF2B243D250095256E /* controllers */ = {
			isa = PBXGroup;
			children = (
				A0D71DC62B228D530095256E /* NewsListLoader.h */,
				A0D71DC72B228D530095256E /* NewsListLoader.m */,
			);
			path = controllers;
			sourceTree = "<group>";
		};
		D5F1100FF0B271F4E3680FA2 /* Pods */ = {
			isa = PBXGroup;
			children = (
				5FFD3253A01C5766E791F22D /* Pods-today_news_oc.debug.xcconfig */,
				72EBBB2238D5D53CE1DBB1E6 /* Pods-today_news_oc.release.xcconfig */,
			);
			path = Pods;
			sourceTree = "<group>";
		};
/* End PBXGroup section */

/* Begin PBXNativeTarget section */
		A0D71D3D2B1A0D650095256E /* today_news_oc */ = {
			isa = PBXNativeTarget;
			buildConfigurationList = A0D71D702B1A0D660095256E /* Build configuration list for PBXNativeTarget "today_news_oc" */;
			buildPhases = (
				F6A9C3161E9B742029AE76AE /* [CP] Check Pods Manifest.lock */,
				A0D71D3A2B1A0D650095256E /* Sources */,
				A0D71D3B2B1A0D650095256E /* Frameworks */,
				A0D71D3C2B1A0D650095256E /* Resources */,
				8FF466C0A08CAF2C4E4CF11C /* [CP] Embed Pods Frameworks */,
				A00815FD2B42A8720021755E /* Embed Frameworks */,
			);
			buildRules = (
			);
			dependencies = (
			);
			name = today_news_oc;
			productName = today_news_oc;
			productReference = A0D71D3E2B1A0D650095256E /* today_news_oc.app */;
			productType = "com.apple.product-type.application";
		};
		A0D71D5B2B1A0D660095256E /* today_news_ocTests */ = {
			isa = PBXNativeTarget;
			buildConfigurationList = A0D71D732B1A0D660095256E /* Build configuration list for PBXNativeTarget "today_news_ocTests" */;
			buildPhases = (
				A0D71D582B1A0D660095256E /* Sources */,
				A0D71D592B1A0D660095256E /* Frameworks */,
				A0D71D5A2B1A0D660095256E /* Resources */,
			);
			buildRules = (
			);
			dependencies = (
				A0D71D5E2B1A0D660095256E /* PBXTargetDependency */,
			);
			name = today_news_ocTests;
			productName = today_news_ocTests;
			productReference = A0D71D5C2B1A0D660095256E /* today_news_ocTests.xctest */;
			productType = "com.apple.product-type.bundle.unit-test";
		};
		A0D71D652B1A0D660095256E /* today_news_ocUITests */ = {
			isa = PBXNativeTarget;
			buildConfigurationList = A0D71D762B1A0D660095256E /* Build configuration list for PBXNativeTarget "today_news_ocUITests" */;
			buildPhases = (
				A0D71D622B1A0D660095256E /* Sources */,
				A0D71D632B1A0D660095256E /* Frameworks */,
				A0D71D642B1A0D660095256E /* Resources */,
			);
			buildRules = (
			);
			dependencies = (
				A0D71D682B1A0D660095256E /* PBXTargetDependency */,
			);
			name = today_news_ocUITests;
			productName = today_news_ocUITests;
			productReference = A0D71D662B1A0D660095256E /* today_news_ocUITests.xctest */;
			productType = "com.apple.product-type.bundle.ui-testing";
		};
/* End PBXNativeTarget section */

/* Begin PBXProject section */
		A0D71D362B1A0D650095256E /* Project object */ = {
			isa = PBXProject;
			attributes = {
				BuildIndependentTargetsInParallel = 1;
				LastUpgradeCheck = 1430;
				TargetAttributes = {
					A0D71D3D2B1A0D650095256E = {
						CreatedOnToolsVersion = 14.3.1;
					};
					A0D71D5B2B1A0D660095256E = {
						CreatedOnToolsVersion = 14.3.1;
						TestTargetID = A0D71D3D2B1A0D650095256E;
					};
					A0D71D652B1A0D660095256E = {
						CreatedOnToolsVersion = 14.3.1;
						TestTargetID = A0D71D3D2B1A0D650095256E;
					};
				};
			};
			buildConfigurationList = A0D71D392B1A0D650095256E /* Build configuration list for PBXProject "today_news_oc" */;
			compatibilityVersion = "Xcode 14.0";
			developmentRegion = en;
			hasScannedForEncodings = 0;
			knownRegions = (
				en,
				Base,
			);
			mainGroup = A0D71D352B1A0D650095256E;
			productRefGroup = A0D71D3F2B1A0D650095256E /* Products */;
			projectDirPath = "";
			projectRoot = "";
			targets = (
				A0D71D3D2B1A0D650095256E /* today_news_oc */,
				A0D71D5B2B1A0D660095256E /* today_news_ocTests */,
				A0D71D652B1A0D660095256E /* today_news_ocUITests */,
			);
		};
/* End PBXProject section */

/* Begin PBXResourcesBuildPhase section */
		A0D71D3C2B1A0D650095256E /* Resources */ = {
			isa = PBXResourcesBuildPhase;
			buildActionMask = 2147483647;
			files = (
				A0D71D542B1A0D660095256E /* LaunchScreen.storyboard in Resources */,
				A0D71D892B1AADF90095256E /* video_unselected.png in Resources */,
				A0D71D8B2B1AADF90095256E /* home_unselected.png in Resources */,
				A0D71D8A2B1AADF90095256E /* video_selected.png in Resources */,
				A0D71D512B1A0D660095256E /* Assets.xcassets in Resources */,
				A0A72FAD2B2738DA00BC97C6 /* video_cover.png in Resources */,
				A0A72FAB2B27355C00BC97C6 /* play.png in Resources */,
				A0D71D852B1AADF90095256E /* news_unselected.png in Resources */,
				A0D71D872B1AADF90095256E /* star_unselected.png in Resources */,
				A0D71D4C2B1A0D650095256E /* Main.storyboard in Resources */,
				A0D71D882B1AADF90095256E /* news_selected.png in Resources */,
				A0D71D862B1AADF90095256E /* star_selected.png in Resources */,
				A0D71D8C2B1AADF90095256E /* home_selected.png in Resources */,
			);
			runOnlyForDeploymentPostprocessing = 0;
		};
		A0D71D5A2B1A0D660095256E /* Resources */ = {
			isa = PBXResourcesBuildPhase;
			buildActionMask = 2147483647;
			files = (
			);
			runOnlyForDeploymentPostprocessing = 0;
		};
		A0D71D642B1A0D660095256E /* Resources */ = {
			isa = PBXResourcesBuildPhase;
			buildActionMask = 2147483647;
			files = (
			);
			runOnlyForDeploymentPostprocessing = 0;
		};
/* End PBXResourcesBuildPhase section */

/* Begin PBXShellScriptBuildPhase section */
		8FF466C0A08CAF2C4E4CF11C /* [CP] Embed Pods Frameworks */ = {
			isa = PBXShellScriptBuildPhase;
			buildActionMask = 2147483647;
			files = (
			);
			inputFileListPaths = (
				"${PODS_ROOT}/Target Support Files/Pods-today_news_oc/Pods-today_news_oc-frameworks-${CONFIGURATION}-input-files.xcfilelist",
			);
			inputPaths = (
			);
			name = "[CP] Embed Pods Frameworks";
			outputFileListPaths = (
				"${PODS_ROOT}/Target Support Files/Pods-today_news_oc/Pods-today_news_oc-frameworks-${CONFIGURATION}-output-files.xcfilelist",
			);
			runOnlyForDeploymentPostprocessing = 0;
			shellPath = /bin/sh;
			shellScript = "\"${PODS_ROOT}/Target Support Files/Pods-today_news_oc/Pods-today_news_oc-frameworks.sh\"\n";
			showEnvVarsInLog = 0;
		};
		F6A9C3161E9B742029AE76AE /* [CP] Check Pods Manifest.lock */ = {
			isa = PBXShellScriptBuildPhase;
			buildActionMask = 2147483647;
			files = (
			);
			inputFileListPaths = (
			);
			inputPaths = (
				"${PODS_PODFILE_DIR_PATH}/Podfile.lock",
				"${PODS_ROOT}/Manifest.lock",
			);
			name = "[CP] Check Pods Manifest.lock";
			outputFileListPaths = (
			);
			outputPaths = (
				"$(DERIVED_FILE_DIR)/Pods-today_news_oc-checkManifestLockResult.txt",
			);
			runOnlyForDeploymentPostprocessing = 0;
			shellPath = /bin/sh;
			shellScript = "diff \"${PODS_PODFILE_DIR_PATH}/Podfile.lock\" \"${PODS_ROOT}/Manifest.lock\" > /dev/null\nif [ $? != 0 ] ; then\n    # print error to STDERR\n    echo \"error: The sandbox is not in sync with the Podfile.lock. Run 'pod install' or update your CocoaPods installation.\" >&2\n    exit 1\nfi\n# This output is used by Xcode 'outputs' to avoid re-running this script phase.\necho \"SUCCESS\" > \"${SCRIPT_OUTPUT_FILE_0}\"\n";
			showEnvVarsInLog = 0;
		};
/* End PBXShellScriptBuildPhase section */

/* Begin PBXSourcesBuildPhase section */
		A0D71D3A2B1A0D650095256E /* Sources */ = {
			isa = PBXSourcesBuildPhase;
			buildActionMask = 2147483647;
			files = (
				A0D71DC02B1F6B4F0095256E /* news_detail_view_controller.m in Sources */,
				A0A72FB42B2EF8A900BC97C6 /* VideoToolbar.m in Sources */,
				A0D71DB32B1C7C3B0095256E /* start_view_controller.m in Sources */,
				A0D71DC42B20A09A0095256E /* news_delete_cell_view.m in Sources */,
				A0D71DC82B228D530095256E /* NewsListLoader.m in Sources */,
				A05153BE2B31CD1400892968 /* SplashView.m in Sources */,
				A0CCF6902B383323004E6CC5 /* CTMediator.m in Sources */,
				A0D71DB62B1C7CBF0095256E /* video_view_controller.m in Sources */,
				A00816002B42B41B0021755E /* GTLogin.m in Sources */,
				A0A72FA92B27328200BC97C6 /* VideoCoverView.m in Sources */,
				A0D71D572B1A0D660095256E /* main.m in Sources */,
				A0D71DCE2B243CD10095256E /* NewsModel.m in Sources */,
				A0D71DA12B1B3B540095256E /* mine_view_controller.m in Sources */,
				A0D71DBA2B1DD6C60095256E /* news_tableview_cell.m in Sources */,
				A0D71DB02B1C7B900095256E /* news_view_controller.m in Sources */,
				A0D71D902B1B2DC60095256E /* ImageUtil.m in Sources */,
				A05153BB2B2F347C00892968 /* ScreenUtil.m in Sources */,
				A0A72FB12B2ED72800BC97C6 /* VideoPlayer.m in Sources */,
				A0A72FB82B2F0B9D00BC97C6 /* UIImage+Custom.m in Sources */,
				A0D71D4F2B1A0D650095256E /* today_news_oc.xcdatamodeld in Sources */,
				A0D71D432B1A0D650095256E /* AppDelegate.m in Sources */,
				A0D71D462B1A0D650095256E /* SceneDelegate.m in Sources */,
			);
			runOnlyForDeploymentPostprocessing = 0;
		};
		A0D71D582B1A0D660095256E /* Sources */ = {
			isa = PBXSourcesBuildPhase;
			buildActionMask = 2147483647;
			files = (
				A0D71D612B1A0D660095256E /* today_news_ocTests.m in Sources */,
			);
			runOnlyForDeploymentPostprocessing = 0;
		};
		A0D71D622B1A0D660095256E /* Sources */ = {
			isa = PBXSourcesBuildPhase;
			buildActionMask = 2147483647;
			files = (
				A0D71D6B2B1A0D660095256E /* today_news_ocUITests.m in Sources */,
				A0D71D6D2B1A0D660095256E /* today_news_ocUITestsLaunchTests.m in Sources */,
			);
			runOnlyForDeploymentPostprocessing = 0;
		};
/* End PBXSourcesBuildPhase section */

/* Begin PBXTargetDependency section */
		A0D71D5E2B1A0D660095256E /* PBXTargetDependency */ = {
			isa = PBXTargetDependency;
			target = A0D71D3D2B1A0D650095256E /* today_news_oc */;
			targetProxy = A0D71D5D2B1A0D660095256E /* PBXContainerItemProxy */;
		};
		A0D71D682B1A0D660095256E /* PBXTargetDependency */ = {
			isa = PBXTargetDependency;
			target = A0D71D3D2B1A0D650095256E /* today_news_oc */;
			targetProxy = A0D71D672B1A0D660095256E /* PBXContainerItemProxy */;
		};
/* End PBXTargetDependency section */

/* Begin PBXVariantGroup section */
		A0D71D4A2B1A0D650095256E /* Main.storyboard */ = {
			isa = PBXVariantGroup;
			children = (
				A0D71D4B2B1A0D650095256E /* Base */,
			);
			name = Main.storyboard;
			sourceTree = "<group>";
		};
		A0D71D522B1A0D660095256E /* LaunchScreen.storyboard */ = {
			isa = PBXVariantGroup;
			children = (
				A0D71D532B1A0D660095256E /* Base */,
			);
			name = LaunchScreen.storyboard;
			sourceTree = "<group>";
		};
/* End PBXVariantGroup section */

/* Begin XCBuildConfiguration section */
		A0D71D6E2B1A0D660095256E /* Debug */ = {
			isa = XCBuildConfiguration;
			buildSettings = {
				ALWAYS_SEARCH_USER_PATHS = NO;
				CLANG_ANALYZER_NONNULL = YES;
				CLANG_ANALYZER_NUMBER_OBJECT_CONVERSION = YES_AGGRESSIVE;
				CLANG_CXX_LANGUAGE_STANDARD = "gnu++20";
				CLANG_ENABLE_MODULES = YES;
				CLANG_ENABLE_OBJC_ARC = YES;
				CLANG_ENABLE_OBJC_WEAK = YES;
				CLANG_WARN_BLOCK_CAPTURE_AUTORELEASING = YES;
				CLANG_WARN_BOOL_CONVERSION = YES;
				CLANG_WARN_COMMA = YES;
				CLANG_WARN_CONSTANT_CONVERSION = YES;
				CLANG_WARN_DEPRECATED_OBJC_IMPLEMENTATIONS = YES;
				CLANG_WARN_DIRECT_OBJC_ISA_USAGE = YES_ERROR;
				CLANG_WARN_DOCUMENTATION_COMMENTS = YES;
				CLANG_WARN_EMPTY_BODY = YES;
				CLANG_WARN_ENUM_CONVERSION = YES;
				CLANG_WARN_INFINITE_RECURSION = YES;
				CLANG_WARN_INT_CONVERSION = YES;
				CLANG_WARN_NON_LITERAL_NULL_CONVERSION = YES;
				CLANG_WARN_OBJC_IMPLICIT_RETAIN_SELF = YES;
				CLANG_WARN_OBJC_LITERAL_CONVERSION = YES;
				CLANG_WARN_OBJC_ROOT_CLASS = YES_ERROR;
				CLANG_WARN_QUOTED_INCLUDE_IN_FRAMEWORK_HEADER = YES;
				CLANG_WARN_RANGE_LOOP_ANALYSIS = YES;
				CLANG_WARN_STRICT_PROTOTYPES = YES;
				CLANG_WARN_SUSPICIOUS_MOVE = YES;
				CLANG_WARN_UNGUARDED_AVAILABILITY = YES_AGGRESSIVE;
				CLANG_WARN_UNREACHABLE_CODE = YES;
				CLANG_WARN__DUPLICATE_METHOD_MATCH = YES;
				COPY_PHASE_STRIP = NO;
				DEBUG_INFORMATION_FORMAT = dwarf;
				ENABLE_STRICT_OBJC_MSGSEND = YES;
				ENABLE_TESTABILITY = YES;
				GCC_C_LANGUAGE_STANDARD = gnu11;
				GCC_DYNAMIC_NO_PIC = NO;
				GCC_NO_COMMON_BLOCKS = YES;
				GCC_OPTIMIZATION_LEVEL = 0;
				GCC_PREPROCESSOR_DEFINITIONS = (
					"DEBUG=1",
					"$(inherited)",
				);
				GCC_WARN_64_TO_32_BIT_CONVERSION = YES;
				GCC_WARN_ABOUT_RETURN_TYPE = YES_ERROR;
				GCC_WARN_UNDECLARED_SELECTOR = YES;
				GCC_WARN_UNINITIALIZED_AUTOS = YES_AGGRESSIVE;
				GCC_WARN_UNUSED_FUNCTION = YES;
				GCC_WARN_UNUSED_VARIABLE = YES;
				IPHONEOS_DEPLOYMENT_TARGET = 11.0;
				MTL_ENABLE_DEBUG_INFO = INCLUDE_SOURCE;
				MTL_FAST_MATH = YES;
				ONLY_ACTIVE_ARCH = YES;
				OTHER_LDFLAGS = "-licucore";
				SDKROOT = iphoneos;
			};
			name = Debug;
		};
		A0D71D6F2B1A0D660095256E /* Release */ = {
			isa = XCBuildConfiguration;
			buildSettings = {
				ALWAYS_SEARCH_USER_PATHS = NO;
				CLANG_ANALYZER_NONNULL = YES;
				CLANG_ANALYZER_NUMBER_OBJECT_CONVERSION = YES_AGGRESSIVE;
				CLANG_CXX_LANGUAGE_STANDARD = "gnu++20";
				CLANG_ENABLE_MODULES = YES;
				CLANG_ENABLE_OBJC_ARC = YES;
				CLANG_ENABLE_OBJC_WEAK = YES;
				CLANG_WARN_BLOCK_CAPTURE_AUTORELEASING = YES;
				CLANG_WARN_BOOL_CONVERSION = YES;
				CLANG_WARN_COMMA = YES;
				CLANG_WARN_CONSTANT_CONVERSION = YES;
				CLANG_WARN_DEPRECATED_OBJC_IMPLEMENTATIONS = YES;
				CLANG_WARN_DIRECT_OBJC_ISA_USAGE = YES_ERROR;
				CLANG_WARN_DOCUMENTATION_COMMENTS = YES;
				CLANG_WARN_EMPTY_BODY = YES;
				CLANG_WARN_ENUM_CONVERSION = YES;
				CLANG_WARN_INFINITE_RECURSION = YES;
				CLANG_WARN_INT_CONVERSION = YES;
				CLANG_WARN_NON_LITERAL_NULL_CONVERSION = YES;
				CLANG_WARN_OBJC_IMPLICIT_RETAIN_SELF = YES;
				CLANG_WARN_OBJC_LITERAL_CONVERSION = YES;
				CLANG_WARN_OBJC_ROOT_CLASS = YES_ERROR;
				CLANG_WARN_QUOTED_INCLUDE_IN_FRAMEWORK_HEADER = YES;
				CLANG_WARN_RANGE_LOOP_ANALYSIS = YES;
				CLANG_WARN_STRICT_PROTOTYPES = YES;
				CLANG_WARN_SUSPICIOUS_MOVE = YES;
				CLANG_WARN_UNGUARDED_AVAILABILITY = YES_AGGRESSIVE;
				CLANG_WARN_UNREACHABLE_CODE = YES;
				CLANG_WARN__DUPLICATE_METHOD_MATCH = YES;
				COPY_PHASE_STRIP = NO;
				DEBUG_INFORMATION_FORMAT = "dwarf-with-dsym";
				ENABLE_NS_ASSERTIONS = NO;
				ENABLE_STRICT_OBJC_MSGSEND = YES;
				GCC_C_LANGUAGE_STANDARD = gnu11;
				GCC_NO_COMMON_BLOCKS = YES;
				GCC_WARN_64_TO_32_BIT_CONVERSION = YES;
				GCC_WARN_ABOUT_RETURN_TYPE = YES_ERROR;
				GCC_WARN_UNDECLARED_SELECTOR = YES;
				GCC_WARN_UNINITIALIZED_AUTOS = YES_AGGRESSIVE;
				GCC_WARN_UNUSED_FUNCTION = YES;
				GCC_WARN_UNUSED_VARIABLE = YES;
				IPHONEOS_DEPLOYMENT_TARGET = 11.0;
				MTL_ENABLE_DEBUG_INFO = NO;
				MTL_FAST_MATH = YES;
				OTHER_LDFLAGS = "-licucore";
				SDKROOT = iphoneos;
				VALIDATE_PRODUCT = YES;
			};
			name = Release;
		};
		A0D71D712B1A0D660095256E /* Debug */ = {
			isa = XCBuildConfiguration;
			baseConfigurationReference = 5FFD3253A01C5766E791F22D /* Pods-today_news_oc.debug.xcconfig */;
			buildSettings = {
				ASSETCATALOG_COMPILER_APPICON_NAME = AppIcon;
				ASSETCATALOG_COMPILER_GLOBAL_ACCENT_COLOR_NAME = AccentColor;
				ASSETCATALOG_COMPILER_INCLUDE_ALL_APPICON_ASSETS = YES;
				CODE_SIGN_STYLE = Automatic;
				CURRENT_PROJECT_VERSION = 1;
				DEVELOPMENT_TEAM = Q798TC6D2D;
				"EXCLUDED_ARCHS[sdk=iphonesimulator*]" = arm64;
				FRAMEWORK_SEARCH_PATHS = (
					"$(inherited)",
					"$(PROJECT_DIR)/Frameworks",
				);
				GENERATE_INFOPLIST_FILE = YES;
				INFOPLIST_FILE = today_news_oc/Info.plist;
				INFOPLIST_KEY_CFBundleDisplayName = "今日头条_测试";
				"INFOPLIST_KEY_CFBundleDisplayName[sdk=iphoneos*]" = "今日头条_测试";
				INFOPLIST_KEY_UIApplicationSupportsIndirectInputEvents = YES;
				INFOPLIST_KEY_UILaunchStoryboardName = LaunchScreen.storyboard;
				INFOPLIST_KEY_UIMainStoryboardFile = Main;
				INFOPLIST_KEY_UISupportedInterfaceOrientations_iPad = "UIInterfaceOrientationPortrait UIInterfaceOrientationPortraitUpsideDown UIInterfaceOrientationLandscapeLeft UIInterfaceOrientationLandscapeRight";
				INFOPLIST_KEY_UISupportedInterfaceOrientations_iPhone = "UIInterfaceOrientationPortrait UIInterfaceOrientationLandscapeLeft UIInterfaceOrientationLandscapeRight";
				LD_RUNPATH_SEARCH_PATHS = (
					"$(inherited)",
					"@executable_path/Frameworks",
				);
				LIBRARY_SEARCH_PATHS = (
					"$(inherited)",
					"$(PROJECT_DIR)/Frameworks",
				);
				MARKETING_VERSION = 1.0;
				PRODUCT_BUNDLE_IDENTIFIER = "omo.today-news-oc";
				PRODUCT_NAME = "$(TARGET_NAME)";
				SWIFT_EMIT_LOC_STRINGS = YES;
				TARGETED_DEVICE_FAMILY = "1,2";
			};
			name = Debug;
		};
		A0D71D722B1A0D660095256E /* Release */ = {
			isa = XCBuildConfiguration;
			baseConfigurationReference = 72EBBB2238D5D53CE1DBB1E6 /* Pods-today_news_oc.release.xcconfig */;
			buildSettings = {
				ASSETCATALOG_COMPILER_APPICON_NAME = AppIcon;
				ASSETCATALOG_COMPILER_GLOBAL_ACCENT_COLOR_NAME = AccentColor;
				ASSETCATALOG_COMPILER_INCLUDE_ALL_APPICON_ASSETS = YES;
				CODE_SIGN_STYLE = Automatic;
				CURRENT_PROJECT_VERSION = 1;
				DEVELOPMENT_TEAM = Q798TC6D2D;
				"EXCLUDED_ARCHS[sdk=iphonesimulator*]" = arm64;
				FRAMEWORK_SEARCH_PATHS = (
					"$(inherited)",
					"$(PROJECT_DIR)/Frameworks",
				);
				GENERATE_INFOPLIST_FILE = YES;
				INFOPLIST_FILE = today_news_oc/Info.plist;
				INFOPLIST_KEY_CFBundleDisplayName = "今日头条_测试";
				"INFOPLIST_KEY_CFBundleDisplayName[sdk=iphoneos*]" = "今日头条";
				INFOPLIST_KEY_UIApplicationSupportsIndirectInputEvents = YES;
				INFOPLIST_KEY_UILaunchStoryboardName = LaunchScreen.storyboard;
				INFOPLIST_KEY_UIMainStoryboardFile = Main;
				INFOPLIST_KEY_UISupportedInterfaceOrientations_iPad = "UIInterfaceOrientationPortrait UIInterfaceOrientationPortraitUpsideDown UIInterfaceOrientationLandscapeLeft UIInterfaceOrientationLandscapeRight";
				INFOPLIST_KEY_UISupportedInterfaceOrientations_iPhone = "UIInterfaceOrientationPortrait UIInterfaceOrientationLandscapeLeft UIInterfaceOrientationLandscapeRight";
				LD_RUNPATH_SEARCH_PATHS = (
					"$(inherited)",
					"@executable_path/Frameworks",
				);
				LIBRARY_SEARCH_PATHS = (
					"$(inherited)",
					"$(PROJECT_DIR)/Frameworks",
				);
				MARKETING_VERSION = 1.0;
				PRODUCT_BUNDLE_IDENTIFIER = "omo.today-news-oc";
				PRODUCT_NAME = "$(TARGET_NAME)";
				SWIFT_EMIT_LOC_STRINGS = YES;
				TARGETED_DEVICE_FAMILY = "1,2";
			};
			name = Release;
		};
		A0D71D742B1A0D660095256E /* Debug */ = {
			isa = XCBuildConfiguration;
			buildSettings = {
				BUNDLE_LOADER = "$(TEST_HOST)";
				CODE_SIGN_STYLE = Automatic;
				CURRENT_PROJECT_VERSION = 1;
				DEVELOPMENT_TEAM = Q798TC6D2D;
				GENERATE_INFOPLIST_FILE = YES;
				IPHONEOS_DEPLOYMENT_TARGET = 11.0;
				MARKETING_VERSION = 1.0;
				PRODUCT_BUNDLE_IDENTIFIER = "omo.today-news-ocTests";
				PRODUCT_NAME = "$(TARGET_NAME)";
				SWIFT_EMIT_LOC_STRINGS = NO;
				TARGETED_DEVICE_FAMILY = "1,2";
				TEST_HOST = "$(BUILT_PRODUCTS_DIR)/today_news_oc.app/$(BUNDLE_EXECUTABLE_FOLDER_PATH)/today_news_oc";
			};
			name = Debug;
		};
		A0D71D752B1A0D660095256E /* Release */ = {
			isa = XCBuildConfiguration;
			buildSettings = {
				BUNDLE_LOADER = "$(TEST_HOST)";
				CODE_SIGN_STYLE = Automatic;
				CURRENT_PROJECT_VERSION = 1;
				DEVELOPMENT_TEAM = Q798TC6D2D;
				GENERATE_INFOPLIST_FILE = YES;
				IPHONEOS_DEPLOYMENT_TARGET = 11.0;
				MARKETING_VERSION = 1.0;
				PRODUCT_BUNDLE_IDENTIFIER = "omo.today-news-ocTests";
				PRODUCT_NAME = "$(TARGET_NAME)";
				SWIFT_EMIT_LOC_STRINGS = NO;
				TARGETED_DEVICE_FAMILY = "1,2";
				TEST_HOST = "$(BUILT_PRODUCTS_DIR)/today_news_oc.app/$(BUNDLE_EXECUTABLE_FOLDER_PATH)/today_news_oc";
			};
			name = Release;
		};
		A0D71D772B1A0D660095256E /* Debug */ = {
			isa = XCBuildConfiguration;
			buildSettings = {
				CODE_SIGN_STYLE = Automatic;
				CURRENT_PROJECT_VERSION = 1;
				DEVELOPMENT_TEAM = Q798TC6D2D;
				GENERATE_INFOPLIST_FILE = YES;
				MARKETING_VERSION = 1.0;
				PRODUCT_BUNDLE_IDENTIFIER = "omo.today-news-ocUITests";
				PRODUCT_NAME = "$(TARGET_NAME)";
				SWIFT_EMIT_LOC_STRINGS = NO;
				TARGETED_DEVICE_FAMILY = "1,2";
				TEST_TARGET_NAME = today_news_oc;
			};
			name = Debug;
		};
		A0D71D782B1A0D660095256E /* Release */ = {
			isa = XCBuildConfiguration;
			buildSettings = {
				CODE_SIGN_STYLE = Automatic;
				CURRENT_PROJECT_VERSION = 1;
				DEVELOPMENT_TEAM = Q798TC6D2D;
				GENERATE_INFOPLIST_FILE = YES;
				MARKETING_VERSION = 1.0;
				PRODUCT_BUNDLE_IDENTIFIER = "omo.today-news-ocUITests";
				PRODUCT_NAME = "$(TARGET_NAME)";
				SWIFT_EMIT_LOC_STRINGS = NO;
				TARGETED_DEVICE_FAMILY = "1,2";
				TEST_TARGET_NAME = today_news_oc;
			};
			name = Release;
		};
/* End XCBuildConfiguration section */

/* Begin XCConfigurationList section */
		A0D71D392B1A0D650095256E /* Build configuration list for PBXProject "today_news_oc" */ = {
			isa = XCConfigurationList;
			buildConfigurations = (
				A0D71D6E2B1A0D660095256E /* Debug */,
				A0D71D6F2B1A0D660095256E /* Release */,
			);
			defaultConfigurationIsVisible = 0;
			defaultConfigurationName = Release;
		};
		A0D71D702B1A0D660095256E /* Build configuration list for PBXNativeTarget "today_news_oc" */ = {
			isa = XCConfigurationList;
			buildConfigurations = (
				A0D71D712B1A0D660095256E /* Debug */,
				A0D71D722B1A0D660095256E /* Release */,
			);
			defaultConfigurationIsVisible = 0;
			defaultConfigurationName = Release;
		};
		A0D71D732B1A0D660095256E /* Build configuration list for PBXNativeTarget "today_news_ocTests" */ = {
			isa = XCConfigurationList;
			buildConfigurations = (
				A0D71D742B1A0D660095256E /* Debug */,
				A0D71D752B1A0D660095256E /* Release */,
			);
			defaultConfigurationIsVisible = 0;
			defaultConfigurationName = Release;
		};
		A0D71D762B1A0D660095256E /* Build configuration list for PBXNativeTarget "today_news_ocUITests" */ = {
			isa = XCConfigurationList;
			buildConfigurations = (
				A0D71D772B1A0D660095256E /* Debug */,
				A0D71D782B1A0D660095256E /* Release */,
			);
			defaultConfigurationIsVisible = 0;
			defaultConfigurationName = Release;
		};
/* End XCConfigurationList section */

/* Begin XCVersionGroup section */
		A0D71D4D2B1A0D650095256E /* today_news_oc.xcdatamodeld */ = {
			isa = XCVersionGroup;
			children = (
				A0D71D4E2B1A0D650095256E /* today_news_oc.xcdatamodel */,
			);
			currentVersion = A0D71D4E2B1A0D650095256E /* today_news_oc.xcdatamodel */;
			path = today_news_oc.xcdatamodeld;
			sourceTree = "<group>";
			versionGroupType = wrapper.xcdatamodel;
		};
/* End XCVersionGroup section */
	};
	rootObject = A0D71D362B1A0D650095256E /* Project object */;
}
